// !$*UTF8*$!
{
	archiveVersion = 1;
	classes = {
	};
	objectVersion = 46;
	objects = {

/* Begin PBXBuildFile section */
		0A9D7E18184D744500BAE38D /* Foundation.framework in Frameworks */ = {isa = PBXBuildFile; fileRef = 0A9D7E17184D744500BAE38D /* Foundation.framework */; };
		0A9D7E1A184D744500BAE38D /* CoreGraphics.framework in Frameworks */ = {isa = PBXBuildFile; fileRef = 0A9D7E19184D744500BAE38D /* CoreGraphics.framework */; };
		0A9D7E1C184D744500BAE38D /* UIKit.framework in Frameworks */ = {isa = PBXBuildFile; fileRef = 0A9D7E1B184D744500BAE38D /* UIKit.framework */; };
		0A9D7E22184D744500BAE38D /* InfoPlist.strings in Resources */ = {isa = PBXBuildFile; fileRef = 0A9D7E20184D744500BAE38D /* InfoPlist.strings */; };
		0A9D7E24184D744500BAE38D /* main.m in Sources */ = {isa = PBXBuildFile; fileRef = 0A9D7E23184D744500BAE38D /* main.m */; };
		0A9D7E28184D744500BAE38D /* FBAppDelegate.m in Sources */ = {isa = PBXBuildFile; fileRef = 0A9D7E27184D744500BAE38D /* FBAppDelegate.m */; };
		0A9D7E2B184D744500BAE38D /* Main_iPhone.storyboard in Resources */ = {isa = PBXBuildFile; fileRef = 0A9D7E29184D744500BAE38D /* Main_iPhone.storyboard */; };
		0A9D7E2E184D744500BAE38D /* Main_iPad.storyboard in Resources */ = {isa = PBXBuildFile; fileRef = 0A9D7E2C184D744500BAE38D /* Main_iPad.storyboard */; };
		0A9D7E31184D744500BAE38D /* FBViewController.m in Sources */ = {isa = PBXBuildFile; fileRef = 0A9D7E30184D744500BAE38D /* FBViewController.m */; };
		0A9D7E33184D744500BAE38D /* Images.xcassets in Resources */ = {isa = PBXBuildFile; fileRef = 0A9D7E32184D744500BAE38D /* Images.xcassets */; };
		0A9D7E3A184D744500BAE38D /* XCTest.framework in Frameworks */ = {isa = PBXBuildFile; fileRef = 0A9D7E39184D744500BAE38D /* XCTest.framework */; };
		0A9D7E3B184D744500BAE38D /* Foundation.framework in Frameworks */ = {isa = PBXBuildFile; fileRef = 0A9D7E17184D744500BAE38D /* Foundation.framework */; };
		0A9D7E3C184D744500BAE38D /* UIKit.framework in Frameworks */ = {isa = PBXBuildFile; fileRef = 0A9D7E1B184D744500BAE38D /* UIKit.framework */; };
		0A9D7E44184D744500BAE38D /* InfoPlist.strings in Resources */ = {isa = PBXBuildFile; fileRef = 0A9D7E42184D744500BAE38D /* InfoPlist.strings */; };
		0A9D7E46184D744500BAE38D /* ToupeTests.m in Sources */ = {isa = PBXBuildFile; fileRef = 0A9D7E45184D744500BAE38D /* ToupeTests.m */; };
/* End PBXBuildFile section */

/* Begin PBXContainerItemProxy section */
		0A9D7E3D184D744500BAE38D /* PBXContainerItemProxy */ = {
			isa = PBXContainerItemProxy;
			containerPortal = 0A9D7E0C184D744500BAE38D /* Project object */;
			proxyType = 1;
			remoteGlobalIDString = 0A9D7E13184D744500BAE38D;
			remoteInfo = Toupe;
		};
/* End PBXContainerItemProxy section */

/* Begin PBXFileReference section */
		0A9D7E14184D744500BAE38D /* Toupe.app */ = {isa = PBXFileReference; explicitFileType = wrapper.application; includeInIndex = 0; path = Toupe.app; sourceTree = BUILT_PRODUCTS_DIR; };
		0A9D7E17184D744500BAE38D /* Foundation.framework */ = {isa = PBXFileReference; lastKnownFileType = wrapper.framework; name = Foundation.framework; path = System/Library/Frameworks/Foundation.framework; sourceTree = SDKROOT; };
		0A9D7E19184D744500BAE38D /* CoreGraphics.framework */ = {isa = PBXFileReference; lastKnownFileType = wrapper.framework; name = CoreGraphics.framework; path = System/Library/Frameworks/CoreGraphics.framework; sourceTree = SDKROOT; };
		0A9D7E1B184D744500BAE38D /* UIKit.framework */ = {isa = PBXFileReference; lastKnownFileType = wrapper.framework; name = UIKit.framework; path = System/Library/Frameworks/UIKit.framework; sourceTree = SDKROOT; };
		0A9D7E1F184D744500BAE38D /* Toupe-Info.plist */ = {isa = PBXFileReference; lastKnownFileType = text.plist.xml; path = "Toupe-Info.plist"; sourceTree = "<group>"; };
		0A9D7E21184D744500BAE38D /* en */ = {isa = PBXFileReference; lastKnownFileType = text.plist.strings; name = en; path = en.lproj/InfoPlist.strings; sourceTree = "<group>"; };
		0A9D7E23184D744500BAE38D /* main.m */ = {isa = PBXFileReference; lastKnownFileType = sourcecode.c.objc; path = main.m; sourceTree = "<group>"; };
		0A9D7E25184D744500BAE38D /* Toupe-Prefix.pch */ = {isa = PBXFileReference; lastKnownFileType = sourcecode.c.h; path = "Toupe-Prefix.pch"; sourceTree = "<group>"; };
		0A9D7E26184D744500BAE38D /* FBAppDelegate.h */ = {isa = PBXFileReference; lastKnownFileType = sourcecode.c.h; path = FBAppDelegate.h; sourceTree = "<group>"; };
		0A9D7E27184D744500BAE38D /* FBAppDelegate.m */ = {isa = PBXFileReference; lastKnownFileType = sourcecode.c.objc; path = FBAppDelegate.m; sourceTree = "<group>"; };
		0A9D7E2A184D744500BAE38D /* Base */ = {isa = PBXFileReference; lastKnownFileType = file.storyboard; name = Base; path = Base.lproj/Main_iPhone.storyboard; sourceTree = "<group>"; };
		0A9D7E2D184D744500BAE38D /* Base */ = {isa = PBXFileReference; lastKnownFileType = file.storyboard; name = Base; path = Base.lproj/Main_iPad.storyboard; sourceTree = "<group>"; };
		0A9D7E2F184D744500BAE38D /* FBViewController.h */ = {isa = PBXFileReference; lastKnownFileType = sourcecode.c.h; path = FBViewController.h; sourceTree = "<group>"; };
		0A9D7E30184D744500BAE38D /* FBViewController.m */ = {isa = PBXFileReference; lastKnownFileType = sourcecode.c.objc; path = FBViewController.m; sourceTree = "<group>"; };
		0A9D7E32184D744500BAE38D /* Images.xcassets */ = {isa = PBXFileReference; lastKnownFileType = folder.assetcatalog; path = Images.xcassets; sourceTree = "<group>"; };
		0A9D7E38184D744500BAE38D /* ToupeTests.xctest */ = {isa = PBXFileReference; explicitFileType = wrapper.cfbundle; includeInIndex = 0; path = ToupeTests.xctest; sourceTree = BUILT_PRODUCTS_DIR; };
		0A9D7E39184D744500BAE38D /* XCTest.framework */ = {isa = PBXFileReference; lastKnownFileType = wrapper.framework; name = XCTest.framework; path = Library/Frameworks/XCTest.framework; sourceTree = DEVELOPER_DIR; };
		0A9D7E41184D744500BAE38D /* ToupeTests-Info.plist */ = {isa = PBXFileReference; lastKnownFileType = text.plist.xml; path = "ToupeTests-Info.plist"; sourceTree = "<group>"; };
		0A9D7E43184D744500BAE38D /* en */ = {isa = PBXFileReference; lastKnownFileType = text.plist.strings; name = en; path = en.lproj/InfoPlist.strings; sourceTree = "<group>"; };
		0A9D7E45184D744500BAE38D /* ToupeTests.m */ = {isa = PBXFileReference; lastKnownFileType = sourcecode.c.objc; path = ToupeTests.m; sourceTree = "<group>"; };
/* End PBXFileReference section */

/* Begin PBXFrameworksBuildPhase section */
		0A9D7E11184D744500BAE38D /* Frameworks */ = {
			isa = PBXFrameworksBuildPhase;
			buildActionMask = 2147483647;
			files = (
				0A9D7E1A184D744500BAE38D /* CoreGraphics.framework in Frameworks */,
				0A9D7E1C184D744500BAE38D /* UIKit.framework in Frameworks */,
				0A9D7E18184D744500BAE38D /* Foundation.framework in Frameworks */,
			);
			runOnlyForDeploymentPostprocessing = 0;
		};
		0A9D7E35184D744500BAE38D /* Frameworks */ = {
			isa = PBXFrameworksBuildPhase;
			buildActionMask = 2147483647;
			files = (
				0A9D7E3A184D744500BAE38D /* XCTest.framework in Frameworks */,
				0A9D7E3C184D744500BAE38D /* UIKit.framework in Frameworks */,
				0A9D7E3B184D744500BAE38D /* Foundation.framework in Frameworks */,
			);
			runOnlyForDeploymentPostprocessing = 0;
		};
/* End PBXFrameworksBuildPhase section */

/* Begin PBXGroup section */
		0A9D7E0B184D744500BAE38D = {
			isa = PBXGroup;
			children = (
				0A9D7E1D184D744500BAE38D /* Toupe */,
				0A9D7E3F184D744500BAE38D /* ToupeTests */,
				0A9D7E16184D744500BAE38D /* Frameworks */,
				0A9D7E15184D744500BAE38D /* Products */,
			);
			sourceTree = "<group>";
		};
		0A9D7E15184D744500BAE38D /* Products */ = {
			isa = PBXGroup;
			children = (
				0A9D7E14184D744500BAE38D /* Toupe.app */,
				0A9D7E38184D744500BAE38D /* ToupeTests.xctest */,
			);
			name = Products;
			sourceTree = "<group>";
		};
		0A9D7E16184D744500BAE38D /* Frameworks */ = {
			isa = PBXGroup;
			children = (
				0A9D7E17184D744500BAE38D /* Foundation.framework */,
				0A9D7E19184D744500BAE38D /* CoreGraphics.framework */,
				0A9D7E1B184D744500BAE38D /* UIKit.framework */,
				0A9D7E39184D744500BAE38D /* XCTest.framework */,
			);
			name = Frameworks;
			sourceTree = "<group>";
		};
		0A9D7E1D184D744500BAE38D /* Toupe */ = {
			isa = PBXGroup;
			children = (
				0A9D7E26184D744500BAE38D /* FBAppDelegate.h */,
				0A9D7E27184D744500BAE38D /* FBAppDelegate.m */,
				0A9D7E29184D744500BAE38D /* Main_iPhone.storyboard */,
				0A9D7E2C184D744500BAE38D /* Main_iPad.storyboard */,
				0A9D7E2F184D744500BAE38D /* FBViewController.h */,
				0A9D7E30184D744500BAE38D /* FBViewController.m */,
				0A9D7E32184D744500BAE38D /* Images.xcassets */,
				0A9D7E1E184D744500BAE38D /* Supporting Files */,
			);
			path = Toupe;
			sourceTree = "<group>";
		};
		0A9D7E1E184D744500BAE38D /* Supporting Files */ = {
			isa = PBXGroup;
			children = (
				0A9D7E1F184D744500BAE38D /* Toupe-Info.plist */,
				0A9D7E20184D744500BAE38D /* InfoPlist.strings */,
				0A9D7E23184D744500BAE38D /* main.m */,
				0A9D7E25184D744500BAE38D /* Toupe-Prefix.pch */,
			);
			name = "Supporting Files";
			sourceTree = "<group>";
		};
		0A9D7E3F184D744500BAE38D /* ToupeTests */ = {
			isa = PBXGroup;
			children = (
				0A9D7E45184D744500BAE38D /* ToupeTests.m */,
				0A9D7E40184D744500BAE38D /* Supporting Files */,
			);
			path = ToupeTests;
			sourceTree = "<group>";
		};
		0A9D7E40184D744500BAE38D /* Supporting Files */ = {
			isa = PBXGroup;
			children = (
				0A9D7E41184D744500BAE38D /* ToupeTests-Info.plist */,
				0A9D7E42184D744500BAE38D /* InfoPlist.strings */,
			);
			name = "Supporting Files";
			sourceTree = "<group>";
		};
/* End PBXGroup section */

/* Begin PBXNativeTarget section */
		0A9D7E13184D744500BAE38D /* Toupe */ = {
			isa = PBXNativeTarget;
			buildConfigurationList = 0A9D7E49184D744500BAE38D /* Build configuration list for PBXNativeTarget "Toupe" */;
			buildPhases = (
				0A9D7E10184D744500BAE38D /* Sources */,
				0A9D7E11184D744500BAE38D /* Frameworks */,
				0A9D7E12184D744500BAE38D /* Resources */,
			);
			buildRules = (
			);
			dependencies = (
			);
			name = Toupe;
			productName = Toupe;
			productReference = 0A9D7E14184D744500BAE38D /* Toupe.app */;
			productType = "com.apple.product-type.application";
		};
		0A9D7E37184D744500BAE38D /* ToupeTests */ = {
			isa = PBXNativeTarget;
			buildConfigurationList = 0A9D7E4C184D744500BAE38D /* Build configuration list for PBXNativeTarget "ToupeTests" */;
			buildPhases = (
				0A9D7E34184D744500BAE38D /* Sources */,
				0A9D7E35184D744500BAE38D /* Frameworks */,
				0A9D7E36184D744500BAE38D /* Resources */,
			);
			buildRules = (
			);
			dependencies = (
				0A9D7E3E184D744500BAE38D /* PBXTargetDependency */,
			);
			name = ToupeTests;
			productName = ToupeTests;
			productReference = 0A9D7E38184D744500BAE38D /* ToupeTests.xctest */;
			productType = "com.apple.product-type.bundle.unit-test";
		};
/* End PBXNativeTarget section */

/* Begin PBXProject section */
		0A9D7E0C184D744500BAE38D /* Project object */ = {
			isa = PBXProject;
			attributes = {
				CLASSPREFIX = FB;
				LastUpgradeCheck = 0500;
				ORGANIZATIONNAME = "Fresh Basil";
				TargetAttributes = {
					0A9D7E37184D744500BAE38D = {
						TestTargetID = 0A9D7E13184D744500BAE38D;
					};
				};
			};
			buildConfigurationList = 0A9D7E0F184D744500BAE38D /* Build configuration list for PBXProject "Toupe" */;
			compatibilityVersion = "Xcode 3.2";
			developmentRegion = English;
			hasScannedForEncodings = 0;
			knownRegions = (
				en,
				Base,
			);
			mainGroup = 0A9D7E0B184D744500BAE38D;
			productRefGroup = 0A9D7E15184D744500BAE38D /* Products */;
			projectDirPath = "";
			projectRoot = "";
			targets = (
				0A9D7E13184D744500BAE38D /* Toupe */,
				0A9D7E37184D744500BAE38D /* ToupeTests */,
			);
		};
/* End PBXProject section */

/* Begin PBXResourcesBuildPhase section */
		0A9D7E12184D744500BAE38D /* Resources */ = {
			isa = PBXResourcesBuildPhase;
			buildActionMask = 2147483647;
			files = (
				0A9D7E2E184D744500BAE38D /* Main_iPad.storyboard in Resources */,
				0A9D7E33184D744500BAE38D /* Images.xcassets in Resources */,
				0A9D7E2B184D744500BAE38D /* Main_iPhone.storyboard in Resources */,
				0A9D7E22184D744500BAE38D /* InfoPlist.strings in Resources */,
			);
			runOnlyForDeploymentPostprocessing = 0;
		};
		0A9D7E36184D744500BAE38D /* Resources */ = {
			isa = PBXResourcesBuildPhase;
			buildActionMask = 2147483647;
			files = (
				0A9D7E44184D744500BAE38D /* InfoPlist.strings in Resources */,
			);
			runOnlyForDeploymentPostprocessing = 0;
		};
/* End PBXResourcesBuildPhase section */

/* Begin PBXSourcesBuildPhase section */
		0A9D7E10184D744500BAE38D /* Sources */ = {
			isa = PBXSourcesBuildPhase;
			buildActionMask = 2147483647;
			files = (
				0A9D7E28184D744500BAE38D /* FBAppDelegate.m in Sources */,
				0A9D7E24184D744500BAE38D /* main.m in Sources */,
				0A9D7E31184D744500BAE38D /* FBViewController.m in Sources */,
			);
			runOnlyForDeploymentPostprocessing = 0;
		};
		0A9D7E34184D744500BAE38D /* Sources */ = {
			isa = PBXSourcesBuildPhase;
			buildActionMask = 2147483647;
			files = (
				0A9D7E46184D744500BAE38D /* ToupeTests.m in Sources */,
			);
			runOnlyForDeploymentPostprocessing = 0;
		};
/* End PBXSourcesBuildPhase section */

/* Begin PBXTargetDependency section */
		0A9D7E3E184D744500BAE38D /* PBXTargetDependency */ = {
			isa = PBXTargetDependency;
			target = 0A9D7E13184D744500BAE38D /* Toupe */;
			targetProxy = 0A9D7E3D184D744500BAE38D /* PBXContainerItemProxy */;
		};
/* End PBXTargetDependency section */

/* Begin PBXVariantGroup section */
		0A9D7E20184D744500BAE38D /* InfoPlist.strings */ = {
			isa = PBXVariantGroup;
			children = (
				0A9D7E21184D744500BAE38D /* en */,
			);
			name = InfoPlist.strings;
			sourceTree = "<group>";
		};
		0A9D7E29184D744500BAE38D /* Main_iPhone.storyboard */ = {
			isa = PBXVariantGroup;
			children = (
				0A9D7E2A184D744500BAE38D /* Base */,
			);
			name = Main_iPhone.storyboard;
			sourceTree = "<group>";
		};
		0A9D7E2C184D744500BAE38D /* Main_iPad.storyboard */ = {
			isa = PBXVariantGroup;
			children = (
				0A9D7E2D184D744500BAE38D /* Base */,
			);
			name = Main_iPad.storyboard;
			sourceTree = "<group>";
		};
		0A9D7E42184D744500BAE38D /* InfoPlist.strings */ = {
			isa = PBXVariantGroup;
			children = (
				0A9D7E43184D744500BAE38D /* en */,
			);
			name = InfoPlist.strings;
			sourceTree = "<group>";
		};
/* End PBXVariantGroup section */

/* Begin XCBuildConfiguration section */
		0A9D7E47184D744500BAE38D /* Debug */ = {
			isa = XCBuildConfiguration;
			buildSettings = {
				ALWAYS_SEARCH_USER_PATHS = NO;
				ARCHS = "$(ARCHS_STANDARD_INCLUDING_64_BIT)";
				CLANG_CXX_LANGUAGE_STANDARD = "gnu++0x";
				CLANG_CXX_LIBRARY = "libc++";
				CLANG_ENABLE_MODULES = YES;
				CLANG_ENABLE_OBJC_ARC = YES;
				CLANG_WARN_BOOL_CONVERSION = YES;
				CLANG_WARN_CONSTANT_CONVERSION = YES;
				CLANG_WARN_DIRECT_OBJC_ISA_USAGE = YES_ERROR;
				CLANG_WARN_EMPTY_BODY = YES;
				CLANG_WARN_ENUM_CONVERSION = YES;
				CLANG_WARN_INT_CONVERSION = YES;
				CLANG_WARN_OBJC_ROOT_CLASS = YES_ERROR;
				CLANG_WARN__DUPLICATE_METHOD_MATCH = YES;
				"CODE_SIGN_IDENTITY[sdk=iphoneos*]" = "iPhone Developer";
				COPY_PHASE_STRIP = NO;
				GCC_C_LANGUAGE_STANDARD = gnu99;
				GCC_DYNAMIC_NO_PIC = NO;
				GCC_OPTIMIZATION_LEVEL = 0;
				GCC_PREPROCESSOR_DEFINITIONS = (
					"DEBUG=1",
					"$(inherited)",
				);
				GCC_SYMBOLS_PRIVATE_EXTERN = NO;
				GCC_WARN_64_TO_32_BIT_CONVERSION = YES;
				GCC_WARN_ABOUT_RETURN_TYPE = YES_ERROR;
				GCC_WARN_UNDECLARED_SELECTOR = YES;
				GCC_WARN_UNINITIALIZED_AUTOS = YES;
				GCC_WARN_UNUSED_FUNCTION = YES;
				GCC_WARN_UNUSED_VARIABLE = YES;
				IPHONEOS_DEPLOYMENT_TARGET = 7.0;
				ONLY_ACTIVE_ARCH = YES;
				SDKROOT = iphoneos;
				TARGETED_DEVICE_FAMILY = "1,2";
			};
			name = Debug;
		};
		0A9D7E48184D744500BAE38D /* Release */ = {
			isa = XCBuildConfiguration;
			buildSettings = {
				ALWAYS_SEARCH_USER_PATHS = NO;
				ARCHS = "$(ARCHS_STANDARD_INCLUDING_64_BIT)";
				CLANG_CXX_LANGUAGE_STANDARD = "gnu++0x";
				CLANG_CXX_LIBRARY = "libc++";
				CLANG_ENABLE_MODULES = YES;
				CLANG_ENABLE_OBJC_ARC = YES;
				CLANG_WARN_BOOL_CONVERSION = YES;
				CLANG_WARN_CONSTANT_CONVERSION = YES;
				CLANG_WARN_DIRECT_OBJC_ISA_USAGE = YES_ERROR;
				CLANG_WARN_EMPTY_BODY = YES;
				CLANG_WARN_ENUM_CONVERSION = YES;
				CLANG_WARN_INT_CONVERSION = YES;
				CLANG_WARN_OBJC_ROOT_CLASS = YES_ERROR;
				CLANG_WARN__DUPLICATE_METHOD_MATCH = YES;
				"CODE_SIGN_IDENTITY[sdk=iphoneos*]" = "iPhone Developer";
				COPY_PHASE_STRIP = YES;
				ENABLE_NS_ASSERTIONS = NO;
				GCC_C_LANGUAGE_STANDARD = gnu99;
				GCC_WARN_64_TO_32_BIT_CONVERSION = YES;
				GCC_WARN_ABOUT_RETURN_TYPE = YES_ERROR;
				GCC_WARN_UNDECLARED_SELECTOR = YES;
				GCC_WARN_UNINITIALIZED_AUTOS = YES;
				GCC_WARN_UNUSED_FUNCTION = YES;
				GCC_WARN_UNUSED_VARIABLE = YES;
				IPHONEOS_DEPLOYMENT_TARGET = 7.0;
				SDKROOT = iphoneos;
				TARGETED_DEVICE_FAMILY = "1,2";
				VALIDATE_PRODUCT = YES;
			};
			name = Release;
		};
		0A9D7E4A184D744500BAE38D /* Debug */ = {
			isa = XCBuildConfiguration;
			buildSettings = {
				ASSETCATALOG_COMPILER_APPICON_NAME = AppIcon;
				ASSETCATALOG_COMPILER_LAUNCHIMAGE_NAME = LaunchImage;
				GCC_PRECOMPILE_PREFIX_HEADER = YES;
				GCC_PREFIX_HEADER = "Toupe/Toupe-Prefix.pch";
				INFOPLIST_FILE = "Toupe/Toupe-Info.plist";
				PRODUCT_NAME = "$(TARGET_NAME)";
				WRAPPER_EXTENSION = app;
			};
			name = Debug;
		};
		0A9D7E4B184D744500BAE38D /* Release */ = {
			isa = XCBuildConfiguration;
			buildSettings = {
				ASSETCATALOG_COMPILER_APPICON_NAME = AppIcon;
				ASSETCATALOG_COMPILER_LAUNCHIMAGE_NAME = LaunchImage;
				GCC_PRECOMPILE_PREFIX_HEADER = YES;
				GCC_PREFIX_HEADER = "Toupe/Toupe-Prefix.pch";
				INFOPLIST_FILE = "Toupe/Toupe-Info.plist";
				PRODUCT_NAME = "$(TARGET_NAME)";
				WRAPPER_EXTENSION = app;
			};
			name = Release;
		};
		0A9D7E4D184D744500BAE38D /* Debug */ = {
			isa = XCBuildConfiguration;
			buildSettings = {
				ARCHS = "$(ARCHS_STANDARD_INCLUDING_64_BIT)";
				BUNDLE_LOADER = "$(BUILT_PRODUCTS_DIR)/Toupe.app/Toupe";
				FRAMEWORK_SEARCH_PATHS = (
					"$(SDKROOT)/Developer/Library/Frameworks",
					"$(inherited)",
					"$(DEVELOPER_FRAMEWORKS_DIR)",
				);
				GCC_PRECOMPILE_PREFIX_HEADER = YES;
				GCC_PREFIX_HEADER = "Toupe/Toupe-Prefix.pch";
				GCC_PREPROCESSOR_DEFINITIONS = (
					"DEBUG=1",
					"$(inherited)",
				);
				INFOPLIST_FILE = "ToupeTests/ToupeTests-Info.plist";
				PRODUCT_NAME = "$(TARGET_NAME)";
				TEST_HOST = "$(BUNDLE_LOADER)";
				WRAPPER_EXTENSION = xctest;
			};
			name = Debug;
		};
		0A9D7E4E184D744500BAE38D /* Release */ = {
			isa = XCBuildConfiguration;
			buildSettings = {
				ARCHS = "$(ARCHS_STANDARD_INCLUDING_64_BIT)";
				BUNDLE_LOADER = "$(BUILT_PRODUCTS_DIR)/Toupe.app/Toupe";
				FRAMEWORK_SEARCH_PATHS = (
					"$(SDKROOT)/Developer/Library/Frameworks",
					"$(inherited)",
					"$(DEVELOPER_FRAMEWORKS_DIR)",
				);
				GCC_PRECOMPILE_PREFIX_HEADER = YES;
				GCC_PREFIX_HEADER = "Toupe/Toupe-Prefix.pch";
				INFOPLIST_FILE = "ToupeTests/ToupeTests-Info.plist";
				PRODUCT_NAME = "$(TARGET_NAME)";
				TEST_HOST = "$(BUNDLE_LOADER)";
				WRAPPER_EXTENSION = xctest;
			};
			name = Release;
		};
/* End XCBuildConfiguration section */

/* Begin XCConfigurationList section */
		0A9D7E0F184D744500BAE38D /* Build configuration list for PBXProject "Toupe" */ = {
			isa = XCConfigurationList;
			buildConfigurations = (
				0A9D7E47184D744500BAE38D /* Debug */,
				0A9D7E48184D744500BAE38D /* Release */,
			);
			defaultConfigurationIsVisible = 0;
			defaultConfigurationName = Release;
		};
		0A9D7E49184D744500BAE38D /* Build configuration list for PBXNativeTarget "Toupe" */ = {
			isa = XCConfigurationList;
			buildConfigurations = (
				0A9D7E4A184D744500BAE38D /* Debug */,
				0A9D7E4B184D744500BAE38D /* Release */,
			);
			defaultConfigurationIsVisible = 0;
		};
		0A9D7E4C184D744500BAE38D /* Build configuration list for PBXNativeTarget "ToupeTests" */ = {
			isa = XCConfigurationList;
			buildConfigurations = (
				0A9D7E4D184D744500BAE38D /* Debug */,
				0A9D7E4E184D744500BAE38D /* Release */,
			);
			defaultConfigurationIsVisible = 0;
		};
/* End XCConfigurationList section */
	};
	rootObject = 0A9D7E0C184D744500BAE38D /* Project object */;
}
