// !$*UTF8*$!
{
	archiveVersion = 1;
	classes = {
	};
	objectVersion = 46;
	objects = {

/* Begin PBXBuildFile section */
		0A018C6218C655D500A9787F /* greenarrow.png in Resources */ = {isa = PBXBuildFile; fileRef = 0A018C6018C655D500A9787F /* greenarrow.png */; };
		0A018C6318C655D500A9787F /* redarrow.png in Resources */ = {isa = PBXBuildFile; fileRef = 0A018C6118C655D500A9787F /* redarrow.png */; };
		0A018C6718C9273700A9787F /* FBSettingsViewController.m in Sources */ = {isa = PBXBuildFile; fileRef = 0A018C6518C9273700A9787F /* FBSettingsViewController.m */; };
		0A018C6818C9273700A9787F /* FBSettingsViewController.xib in Resources */ = {isa = PBXBuildFile; fileRef = 0A018C6618C9273700A9787F /* FBSettingsViewController.xib */; };
		0A3E8E3418CE4A4000E45DBA /* whitestar.png in Resources */ = {isa = PBXBuildFile; fileRef = 0A3E8E3218CE4A4000E45DBA /* whitestar.png */; };
		0A3E8E3518CE4A4000E45DBA /* goldstar.png in Resources */ = {isa = PBXBuildFile; fileRef = 0A3E8E3318CE4A4000E45DBA /* goldstar.png */; };
		0A3E8E3918CE75E300E45DBA /* drawer.png in Resources */ = {isa = PBXBuildFile; fileRef = 0A3E8E3818CE75E300E45DBA /* drawer.png */; };
		0A3E8E4218CE770C00E45DBA /* FBTariffDrawerViewController.m in Sources */ = {isa = PBXBuildFile; fileRef = 0A3E8E4018CE770C00E45DBA /* FBTariffDrawerViewController.m */; };
		0A3E8E4318CE770C00E45DBA /* FBTariffDrawerViewController.xib in Resources */ = {isa = PBXBuildFile; fileRef = 0A3E8E4118CE770C00E45DBA /* FBTariffDrawerViewController.xib */; };
		0A3E8E4718CE7D1900E45DBA /* FBTariffDrawerTableViewCell.m in Sources */ = {isa = PBXBuildFile; fileRef = 0A3E8E4618CE7D1900E45DBA /* FBTariffDrawerTableViewCell.m */; };
		0A3E8E4918CE7D5D00E45DBA /* FBTariffDrawerTableViewCell.xib in Resources */ = {isa = PBXBuildFile; fileRef = 0A3E8E4818CE7D5D00E45DBA /* FBTariffDrawerTableViewCell.xib */; };
		0A58AA0318D79A9600EA3717 /* FBHelp30ViewController.m in Sources */ = {isa = PBXBuildFile; fileRef = 0A58AA0118D79A9600EA3717 /* FBHelp30ViewController.m */; };
		0A58AA0418D79A9600EA3717 /* FBHelp30ViewController.xib in Resources */ = {isa = PBXBuildFile; fileRef = 0A58AA0218D79A9600EA3717 /* FBHelp30ViewController.xib */; };
		0A58AA0818D79F0C00EA3717 /* FBHelp5ViewController.m in Sources */ = {isa = PBXBuildFile; fileRef = 0A58AA0618D79F0C00EA3717 /* FBHelp5ViewController.m */; };
		0A58AA0918D79F0C00EA3717 /* FBHelp5ViewController.xib in Resources */ = {isa = PBXBuildFile; fileRef = 0A58AA0718D79F0C00EA3717 /* FBHelp5ViewController.xib */; };
		0A5FC5181864D5D300F69BA5 /* FBSmartPriceSummary.m in Sources */ = {isa = PBXBuildFile; fileRef = 0A5FC5171864D5D300F69BA5 /* FBSmartPriceSummary.m */; };
		0A5FC51B1864D8B300F69BA5 /* FBPricePeriod.m in Sources */ = {isa = PBXBuildFile; fileRef = 0A5FC51A1864D8B300F69BA5 /* FBPricePeriod.m */; };
		0A5FC51E1864DC6000F69BA5 /* FBGenabilityStore.m in Sources */ = {isa = PBXBuildFile; fileRef = 0A5FC51D1864DC6000F69BA5 /* FBGenabilityStore.m */; };
		0A5FC5211864DE2200F69BA5 /* FBConnection.m in Sources */ = {isa = PBXBuildFile; fileRef = 0A5FC5201864DE2200F69BA5 /* FBConnection.m */; };
		0A5FC5241865174A00F69BA5 /* FBTariff.m in Sources */ = {isa = PBXBuildFile; fileRef = 0A5FC5231865174A00F69BA5 /* FBTariff.m */; };
		0A6D1387189095C200C8F977 /* FBCurrentPriceViewController.xib in Resources */ = {isa = PBXBuildFile; fileRef = 0A6D138518908A2D00C8F977 /* FBCurrentPriceViewController.xib */; };
		0A766C9918999BC400869088 /* FBTariffSearchResult.m in Sources */ = {isa = PBXBuildFile; fileRef = 0A766C9818999BC400869088 /* FBTariffSearchResult.m */; };
		0A766C9C189ACFDC00869088 /* FBChooseTariffViewCell.m in Sources */ = {isa = PBXBuildFile; fileRef = 0A766C9B189ACFDC00869088 /* FBChooseTariffViewCell.m */; };
		0A766C9E189AD00300869088 /* FBChooseTariffViewCell.xib in Resources */ = {isa = PBXBuildFile; fileRef = 0A766C9D189AD00300869088 /* FBChooseTariffViewCell.xib */; };
		0A766CA0189AD1AB00869088 /* pge.jpg in Resources */ = {isa = PBXBuildFile; fileRef = 0A766C9F189AD1AB00869088 /* pge.jpg */; };
		0A84C249189B1A7000E4A91D /* MKAnnotationView+WebCache.m in Sources */ = {isa = PBXBuildFile; fileRef = 0A84C22D189B1A7000E4A91D /* MKAnnotationView+WebCache.m */; };
		0A84C24A189B1A7000E4A91D /* NSData+ImageContentType.m in Sources */ = {isa = PBXBuildFile; fileRef = 0A84C22F189B1A7000E4A91D /* NSData+ImageContentType.m */; };
		0A84C24B189B1A7000E4A91D /* SDImageCache.m in Sources */ = {isa = PBXBuildFile; fileRef = 0A84C231189B1A7000E4A91D /* SDImageCache.m */; };
		0A84C24C189B1A7000E4A91D /* SDWebImageCompat.m in Sources */ = {isa = PBXBuildFile; fileRef = 0A84C233189B1A7000E4A91D /* SDWebImageCompat.m */; };
		0A84C24D189B1A7000E4A91D /* SDWebImageDecoder.m in Sources */ = {isa = PBXBuildFile; fileRef = 0A84C235189B1A7000E4A91D /* SDWebImageDecoder.m */; };
		0A84C24E189B1A7000E4A91D /* SDWebImageDownloader.m in Sources */ = {isa = PBXBuildFile; fileRef = 0A84C237189B1A7000E4A91D /* SDWebImageDownloader.m */; };
		0A84C24F189B1A7000E4A91D /* SDWebImageDownloaderOperation.m in Sources */ = {isa = PBXBuildFile; fileRef = 0A84C239189B1A7000E4A91D /* SDWebImageDownloaderOperation.m */; };
		0A84C250189B1A7000E4A91D /* SDWebImageManager.m in Sources */ = {isa = PBXBuildFile; fileRef = 0A84C23B189B1A7000E4A91D /* SDWebImageManager.m */; };
		0A84C251189B1A7000E4A91D /* SDWebImagePrefetcher.m in Sources */ = {isa = PBXBuildFile; fileRef = 0A84C23E189B1A7000E4A91D /* SDWebImagePrefetcher.m */; };
		0A84C252189B1A7000E4A91D /* UIButton+WebCache.m in Sources */ = {isa = PBXBuildFile; fileRef = 0A84C240189B1A7000E4A91D /* UIButton+WebCache.m */; };
		0A84C253189B1A7000E4A91D /* UIImage+GIF.m in Sources */ = {isa = PBXBuildFile; fileRef = 0A84C242189B1A7000E4A91D /* UIImage+GIF.m */; };
		0A84C254189B1A7000E4A91D /* UIImage+MultiFormat.m in Sources */ = {isa = PBXBuildFile; fileRef = 0A84C244189B1A7000E4A91D /* UIImage+MultiFormat.m */; };
		0A84C255189B1A7000E4A91D /* UIImage+WebP.m in Sources */ = {isa = PBXBuildFile; fileRef = 0A84C246189B1A7000E4A91D /* UIImage+WebP.m */; };
		0A84C256189B1A7000E4A91D /* UIImageView+WebCache.m in Sources */ = {isa = PBXBuildFile; fileRef = 0A84C248189B1A7000E4A91D /* UIImageView+WebCache.m */; };
		0A84C258189B1A8800E4A91D /* ImageIO.framework in Frameworks */ = {isa = PBXBuildFile; fileRef = 0A84C257189B1A8800E4A91D /* ImageIO.framework */; };
		0A84C262189B324D00E4A91D /* ciudad640x960@2x.png in Resources */ = {isa = PBXBuildFile; fileRef = 0A84C261189B324D00E4A91D /* ciudad640x960@2x.png */; };
		0A84C264189B35EB00E4A91D /* ciudad640x1136@2x.png in Resources */ = {isa = PBXBuildFile; fileRef = 0A84C263189B35EB00E4A91D /* ciudad640x1136@2x.png */; };
		0A84C268189C49B900E4A91D /* FBHomeViewController.m in Sources */ = {isa = PBXBuildFile; fileRef = 0A84C266189C49B900E4A91D /* FBHomeViewController.m */; };
		0A84C269189C49B900E4A91D /* FBHomeViewController.xib in Resources */ = {isa = PBXBuildFile; fileRef = 0A84C267189C49B900E4A91D /* FBHomeViewController.xib */; };
		0A9D7E18184D744500BAE38D /* Foundation.framework in Frameworks */ = {isa = PBXBuildFile; fileRef = 0A9D7E17184D744500BAE38D /* Foundation.framework */; };
		0A9D7E1A184D744500BAE38D /* CoreGraphics.framework in Frameworks */ = {isa = PBXBuildFile; fileRef = 0A9D7E19184D744500BAE38D /* CoreGraphics.framework */; };
		0A9D7E1C184D744500BAE38D /* UIKit.framework in Frameworks */ = {isa = PBXBuildFile; fileRef = 0A9D7E1B184D744500BAE38D /* UIKit.framework */; };
		0A9D7E22184D744500BAE38D /* InfoPlist.strings in Resources */ = {isa = PBXBuildFile; fileRef = 0A9D7E20184D744500BAE38D /* InfoPlist.strings */; };
		0A9D7E24184D744500BAE38D /* main.m in Sources */ = {isa = PBXBuildFile; fileRef = 0A9D7E23184D744500BAE38D /* main.m */; };
		0A9D7E28184D744500BAE38D /* FBAppDelegate.m in Sources */ = {isa = PBXBuildFile; fileRef = 0A9D7E27184D744500BAE38D /* FBAppDelegate.m */; };
		0A9D7E2B184D744500BAE38D /* Main_iPhone.storyboard in Resources */ = {isa = PBXBuildFile; fileRef = 0A9D7E29184D744500BAE38D /* Main_iPhone.storyboard */; };
		0A9D7E2E184D744500BAE38D /* Main_iPad.storyboard in Resources */ = {isa = PBXBuildFile; fileRef = 0A9D7E2C184D744500BAE38D /* Main_iPad.storyboard */; };
		0A9D7E31184D744500BAE38D /* FBViewController.m in Sources */ = {isa = PBXBuildFile; fileRef = 0A9D7E30184D744500BAE38D /* FBViewController.m */; };
		0A9D7E33184D744500BAE38D /* Images.xcassets in Resources */ = {isa = PBXBuildFile; fileRef = 0A9D7E32184D744500BAE38D /* Images.xcassets */; };
		0A9D7E3A184D744500BAE38D /* XCTest.framework in Frameworks */ = {isa = PBXBuildFile; fileRef = 0A9D7E39184D744500BAE38D /* XCTest.framework */; };
		0A9D7E3B184D744500BAE38D /* Foundation.framework in Frameworks */ = {isa = PBXBuildFile; fileRef = 0A9D7E17184D744500BAE38D /* Foundation.framework */; };
		0A9D7E3C184D744500BAE38D /* UIKit.framework in Frameworks */ = {isa = PBXBuildFile; fileRef = 0A9D7E1B184D744500BAE38D /* UIKit.framework */; };
		0A9D7E44184D744500BAE38D /* InfoPlist.strings in Resources */ = {isa = PBXBuildFile; fileRef = 0A9D7E42184D744500BAE38D /* InfoPlist.strings */; };
		0A9D7E46184D744500BAE38D /* ToupeTests.m in Sources */ = {isa = PBXBuildFile; fileRef = 0A9D7E45184D744500BAE38D /* ToupeTests.m */; };
		0A9D7E51184E574C00BAE38D /* FBSetupViewController.m in Sources */ = {isa = PBXBuildFile; fileRef = 0A9D7E50184E574C00BAE38D /* FBSetupViewController.m */; };
		0A9D7E54184E63AC00BAE38D /* FBCurrentPriceViewController.m in Sources */ = {isa = PBXBuildFile; fileRef = 0A9D7E53184E63AC00BAE38D /* FBCurrentPriceViewController.m */; };
		0AB66DF3189EE89E00441562 /* FBTariffPriceViewController.m in Sources */ = {isa = PBXBuildFile; fileRef = 0AB66DF1189EE89E00441562 /* FBTariffPriceViewController.m */; };
		0AB66DF4189EE89E00441562 /* FBTariffPriceViewController.xib in Resources */ = {isa = PBXBuildFile; fileRef = 0AB66DF2189EE89E00441562 /* FBTariffPriceViewController.xib */; };
		0AB66DF7189EF5A900441562 /* FBLSE.m in Sources */ = {isa = PBXBuildFile; fileRef = 0AB66DF6189EF5A900441562 /* FBLSE.m */; };
		0AB66DFC18A01D1C00441562 /* blueorange640x960@2x.png in Resources */ = {isa = PBXBuildFile; fileRef = 0AB66DFA18A01D1C00441562 /* blueorange640x960@2x.png */; };
		0AB66DFD18A01D1C00441562 /* blueorange640x1136@2x.png in Resources */ = {isa = PBXBuildFile; fileRef = 0AB66DFB18A01D1C00441562 /* blueorange640x1136@2x.png */; };
		0AB66E0218A17FDA00441562 /* FBDayViewController.m in Sources */ = {isa = PBXBuildFile; fileRef = 0AB66E0018A17FDA00441562 /* FBDayViewController.m */; };
		0AB66E0318A17FDA00441562 /* FBDayViewController.xib in Resources */ = {isa = PBXBuildFile; fileRef = 0AB66E0118A17FDA00441562 /* FBDayViewController.xib */; };
		0AB66E0718A1800D00441562 /* FBDayPricePeriodViewController.m in Sources */ = {isa = PBXBuildFile; fileRef = 0AB66E0518A1800D00441562 /* FBDayPricePeriodViewController.m */; };
		0AB66E0818A1800D00441562 /* FBDayPricePeriodViewController.xib in Resources */ = {isa = PBXBuildFile; fileRef = 0AB66E0618A1800D00441562 /* FBDayPricePeriodViewController.xib */; };
		0AC187FD1861009900A0DD9F /* FBUserProfileStore.m in Sources */ = {isa = PBXBuildFile; fileRef = 0AC187FC1861009900A0DD9F /* FBUserProfileStore.m */; };
		0AC188001861012B00A0DD9F /* FBUserProfile.m in Sources */ = {isa = PBXBuildFile; fileRef = 0AC187FF1861012B00A0DD9F /* FBUserProfile.m */; };
		0AC2DACB189832F9005CB500 /* FBRootNavigationController.m in Sources */ = {isa = PBXBuildFile; fileRef = 0AC2DACA189832F9005CB500 /* FBRootNavigationController.m */; };
		0AC2DACF18983F34005CB500 /* iAd.framework in Frameworks */ = {isa = PBXBuildFile; fileRef = 0AC2DACE18983F34005CB500 /* iAd.framework */; };
		0AC2DAD2189842A9005CB500 /* Colours.m in Sources */ = {isa = PBXBuildFile; fileRef = 0AC2DAD1189842A9005CB500 /* Colours.m */; };
		0AC2DAD7189844C6005CB500 /* FBFAQViewController.m in Sources */ = {isa = PBXBuildFile; fileRef = 0AC2DAD5189844C6005CB500 /* FBFAQViewController.m */; };
		0AC2DAD8189844C6005CB500 /* FBFAQViewController.xib in Resources */ = {isa = PBXBuildFile; fileRef = 0AC2DAD6189844C6005CB500 /* FBFAQViewController.xib */; };
		0AC2DADD189859E9005CB500 /* FBSetupViewController.xib in Resources */ = {isa = PBXBuildFile; fileRef = 0AC2DADC189859E9005CB500 /* FBSetupViewController.xib */; };
		0AC9FAE518C2BB4F0086B48F /* FBPricePeriodViewController.m in Sources */ = {isa = PBXBuildFile; fileRef = 0AC9FAE318C2BB4F0086B48F /* FBPricePeriodViewController.m */; };
		0AC9FAE618C2BB4F0086B48F /* FBPricePeriodViewController.xib in Resources */ = {isa = PBXBuildFile; fileRef = 0AC9FAE418C2BB4F0086B48F /* FBPricePeriodViewController.xib */; };
		0AC9FAEA18C5021C0086B48F /* FBWelcomeViewController.m in Sources */ = {isa = PBXBuildFile; fileRef = 0AC9FAE818C5021C0086B48F /* FBWelcomeViewController.m */; };
		0AC9FAEB18C5021C0086B48F /* FBWelcomeViewController.xib in Resources */ = {isa = PBXBuildFile; fileRef = 0AC9FAE918C5021C0086B48F /* FBWelcomeViewController.xib */; };
		0AC9FAED18C503B50086B48F /* toupe.png in Resources */ = {isa = PBXBuildFile; fileRef = 0AC9FAEC18C503B50086B48F /* toupe.png */; };
		0AD6127418CF911500FB4667 /* libTestFlight.a in Frameworks */ = {isa = PBXBuildFile; fileRef = 0AD6126E18CF911500FB4667 /* libTestFlight.a */; };
		0AD6127518CF911500FB4667 /* README.md in Resources */ = {isa = PBXBuildFile; fileRef = 0AD6126F18CF911500FB4667 /* README.md */; };
		0AD6127618CF911500FB4667 /* release_notes.md in Resources */ = {isa = PBXBuildFile; fileRef = 0AD6127018CF911500FB4667 /* release_notes.md */; };
		0AD6127818CF917000FB4667 /* libz.dylib in Frameworks */ = {isa = PBXBuildFile; fileRef = 0AD6127718CF917000FB4667 /* libz.dylib */; };
		0AD6128718D11CFB00FB4667 /* FBHelpViewController.m in Sources */ = {isa = PBXBuildFile; fileRef = 0AD6128518D11CFB00FB4667 /* FBHelpViewController.m */; };
		0AD6128818D11CFB00FB4667 /* FBHelpViewController.xib in Resources */ = {isa = PBXBuildFile; fileRef = 0AD6128618D11CFB00FB4667 /* FBHelpViewController.xib */; };
		0AD6128A18D1281400FB4667 /* helpscreenshot.png in Resources */ = {isa = PBXBuildFile; fileRef = 0AD6128918D1281400FB4667 /* helpscreenshot.png */; };
		0AD6128C18D25CF100FB4667 /* graystar.png in Resources */ = {isa = PBXBuildFile; fileRef = 0AD6128B18D25CF100FB4667 /* graystar.png */; };
		0AD6128E18D36C7800FB4667 /* yellowbar.png in Resources */ = {isa = PBXBuildFile; fileRef = 0AD6128D18D36C7800FB4667 /* yellowbar.png */; };
		0AE297BC18D7ADCF00695883 /* FBFAQ.m in Sources */ = {isa = PBXBuildFile; fileRef = 0AE297BB18D7ADCF00695883 /* FBFAQ.m */; };
		0AE297BF18D7AE3600695883 /* FBFAQStore.m in Sources */ = {isa = PBXBuildFile; fileRef = 0AE297BE18D7AE3600695883 /* FBFAQStore.m */; };
		0AE297C318D7B1E900695883 /* FBFAQDetailViewController.m in Sources */ = {isa = PBXBuildFile; fileRef = 0AE297C118D7B1E900695883 /* FBFAQDetailViewController.m */; };
		0AE297C418D7B1E900695883 /* FBFAQDetailViewController.xib in Resources */ = {isa = PBXBuildFile; fileRef = 0AE297C218D7B1E900695883 /* FBFAQDetailViewController.xib */; };
		0AE9DEB318985F7B008B615D /* faq.png in Resources */ = {isa = PBXBuildFile; fileRef = 0AE9DEB218985F7B008B615D /* faq.png */; };
		0AE9DEB518986019008B615D /* setup.png in Resources */ = {isa = PBXBuildFile; fileRef = 0AE9DEB418986019008B615D /* setup.png */; };
		0AE9DEB71898667C008B615D /* genability.png in Resources */ = {isa = PBXBuildFile; fileRef = 0AE9DEB61898667C008B615D /* genability.png */; };
		0AE9DEBA1898682B008B615D /* setup2.png in Resources */ = {isa = PBXBuildFile; fileRef = 0AE9DEB91898682B008B615D /* setup2.png */; };
		0AE9DEBC18986AA5008B615D /* tool.png in Resources */ = {isa = PBXBuildFile; fileRef = 0AE9DEBB18986AA5008B615D /* tool.png */; };
		0AE9DEBE18986B65008B615D /* calculator.png in Resources */ = {isa = PBXBuildFile; fileRef = 0AE9DEBD18986B65008B615D /* calculator.png */; };
		0AE9DEC218987708008B615D /* FBChooseUtilityViewController.m in Sources */ = {isa = PBXBuildFile; fileRef = 0AE9DEC018987708008B615D /* FBChooseUtilityViewController.m */; };
		0AE9DEC318987708008B615D /* FBChooseUtilityViewController.xib in Resources */ = {isa = PBXBuildFile; fileRef = 0AE9DEC118987708008B615D /* FBChooseUtilityViewController.xib */; };
		0AE9DEC718987C75008B615D /* FBEnterZipCodeViewController.m in Sources */ = {isa = PBXBuildFile; fileRef = 0AE9DEC518987C75008B615D /* FBEnterZipCodeViewController.m */; };
		0AE9DEC818987C75008B615D /* FBEnterZipCodeViewController.xib in Resources */ = {isa = PBXBuildFile; fileRef = 0AE9DEC618987C75008B615D /* FBEnterZipCodeViewController.xib */; };
		0AE9DECC18987F2A008B615D /* FBChooseTariffViewController.m in Sources */ = {isa = PBXBuildFile; fileRef = 0AE9DECA18987F2A008B615D /* FBChooseTariffViewController.m */; };
		0AE9DECD18987F2A008B615D /* FBChooseTariffViewController.xib in Resources */ = {isa = PBXBuildFile; fileRef = 0AE9DECB18987F2A008B615D /* FBChooseTariffViewController.xib */; };
		0AE9DED118988587008B615D /* refresh.png in Resources */ = {isa = PBXBuildFile; fileRef = 0AE9DED018988587008B615D /* refresh.png */; };
		0AF4FDEA18D76DEA005432CF /* FBHelp10ViewController.m in Sources */ = {isa = PBXBuildFile; fileRef = 0AF4FDE818D76DEA005432CF /* FBHelp10ViewController.m */; };
		0AF4FDEB18D76DEA005432CF /* FBHelp10ViewController.xib in Resources */ = {isa = PBXBuildFile; fileRef = 0AF4FDE918D76DEA005432CF /* FBHelp10ViewController.xib */; };
		0AF4FDEF18D76E03005432CF /* FBHelp20ViewController.m in Sources */ = {isa = PBXBuildFile; fileRef = 0AF4FDED18D76E03005432CF /* FBHelp20ViewController.m */; };
		0AF4FDF018D76E03005432CF /* FBHelp20ViewController.xib in Resources */ = {isa = PBXBuildFile; fileRef = 0AF4FDEE18D76E03005432CF /* FBHelp20ViewController.xib */; };
/* End PBXBuildFile section */

/* Begin PBXContainerItemProxy section */
		0A9D7E3D184D744500BAE38D /* PBXContainerItemProxy */ = {
			isa = PBXContainerItemProxy;
			containerPortal = 0A9D7E0C184D744500BAE38D /* Project object */;
			proxyType = 1;
			remoteGlobalIDString = 0A9D7E13184D744500BAE38D;
			remoteInfo = Toupe;
		};
/* End PBXContainerItemProxy section */

/* Begin PBXFileReference section */
		0A018C6018C655D500A9787F /* greenarrow.png */ = {isa = PBXFileReference; lastKnownFileType = image.png; path = greenarrow.png; sourceTree = "<group>"; };
		0A018C6118C655D500A9787F /* redarrow.png */ = {isa = PBXFileReference; lastKnownFileType = image.png; path = redarrow.png; sourceTree = "<group>"; };
		0A018C6418C9273700A9787F /* FBSettingsViewController.h */ = {isa = PBXFileReference; fileEncoding = 4; lastKnownFileType = sourcecode.c.h; path = FBSettingsViewController.h; sourceTree = "<group>"; };
		0A018C6518C9273700A9787F /* FBSettingsViewController.m */ = {isa = PBXFileReference; fileEncoding = 4; lastKnownFileType = sourcecode.c.objc; path = FBSettingsViewController.m; sourceTree = "<group>"; };
		0A018C6618C9273700A9787F /* FBSettingsViewController.xib */ = {isa = PBXFileReference; fileEncoding = 4; lastKnownFileType = file.xib; path = FBSettingsViewController.xib; sourceTree = "<group>"; };
		0A3E8E3218CE4A4000E45DBA /* whitestar.png */ = {isa = PBXFileReference; lastKnownFileType = image.png; path = whitestar.png; sourceTree = "<group>"; };
		0A3E8E3318CE4A4000E45DBA /* goldstar.png */ = {isa = PBXFileReference; lastKnownFileType = image.png; path = goldstar.png; sourceTree = "<group>"; };
		0A3E8E3818CE75E300E45DBA /* drawer.png */ = {isa = PBXFileReference; lastKnownFileType = image.png; path = drawer.png; sourceTree = "<group>"; };
		0A3E8E3F18CE770C00E45DBA /* FBTariffDrawerViewController.h */ = {isa = PBXFileReference; fileEncoding = 4; lastKnownFileType = sourcecode.c.h; path = FBTariffDrawerViewController.h; sourceTree = "<group>"; };
		0A3E8E4018CE770C00E45DBA /* FBTariffDrawerViewController.m */ = {isa = PBXFileReference; fileEncoding = 4; lastKnownFileType = sourcecode.c.objc; path = FBTariffDrawerViewController.m; sourceTree = "<group>"; };
		0A3E8E4118CE770C00E45DBA /* FBTariffDrawerViewController.xib */ = {isa = PBXFileReference; fileEncoding = 4; lastKnownFileType = file.xib; path = FBTariffDrawerViewController.xib; sourceTree = "<group>"; };
		0A3E8E4518CE7D1900E45DBA /* FBTariffDrawerTableViewCell.h */ = {isa = PBXFileReference; fileEncoding = 4; lastKnownFileType = sourcecode.c.h; path = FBTariffDrawerTableViewCell.h; sourceTree = "<group>"; };
		0A3E8E4618CE7D1900E45DBA /* FBTariffDrawerTableViewCell.m */ = {isa = PBXFileReference; fileEncoding = 4; lastKnownFileType = sourcecode.c.objc; path = FBTariffDrawerTableViewCell.m; sourceTree = "<group>"; };
		0A3E8E4818CE7D5D00E45DBA /* FBTariffDrawerTableViewCell.xib */ = {isa = PBXFileReference; fileEncoding = 4; lastKnownFileType = file.xib; path = FBTariffDrawerTableViewCell.xib; sourceTree = "<group>"; };
		0A58AA0018D79A9600EA3717 /* FBHelp30ViewController.h */ = {isa = PBXFileReference; fileEncoding = 4; lastKnownFileType = sourcecode.c.h; path = FBHelp30ViewController.h; sourceTree = "<group>"; };
		0A58AA0118D79A9600EA3717 /* FBHelp30ViewController.m */ = {isa = PBXFileReference; fileEncoding = 4; lastKnownFileType = sourcecode.c.objc; path = FBHelp30ViewController.m; sourceTree = "<group>"; };
		0A58AA0218D79A9600EA3717 /* FBHelp30ViewController.xib */ = {isa = PBXFileReference; fileEncoding = 4; lastKnownFileType = file.xib; path = FBHelp30ViewController.xib; sourceTree = "<group>"; };
		0A58AA0518D79F0C00EA3717 /* FBHelp5ViewController.h */ = {isa = PBXFileReference; fileEncoding = 4; lastKnownFileType = sourcecode.c.h; path = FBHelp5ViewController.h; sourceTree = "<group>"; };
		0A58AA0618D79F0C00EA3717 /* FBHelp5ViewController.m */ = {isa = PBXFileReference; fileEncoding = 4; lastKnownFileType = sourcecode.c.objc; path = FBHelp5ViewController.m; sourceTree = "<group>"; };
		0A58AA0718D79F0C00EA3717 /* FBHelp5ViewController.xib */ = {isa = PBXFileReference; fileEncoding = 4; lastKnownFileType = file.xib; path = FBHelp5ViewController.xib; sourceTree = "<group>"; };
		0A5FC5151864D59400F69BA5 /* JSONSerializable.h */ = {isa = PBXFileReference; lastKnownFileType = sourcecode.c.h; path = JSONSerializable.h; sourceTree = "<group>"; };
		0A5FC5161864D5D300F69BA5 /* FBSmartPriceSummary.h */ = {isa = PBXFileReference; fileEncoding = 4; lastKnownFileType = sourcecode.c.h; path = FBSmartPriceSummary.h; sourceTree = "<group>"; };
		0A5FC5171864D5D300F69BA5 /* FBSmartPriceSummary.m */ = {isa = PBXFileReference; fileEncoding = 4; lastKnownFileType = sourcecode.c.objc; path = FBSmartPriceSummary.m; sourceTree = "<group>"; };
		0A5FC5191864D8B300F69BA5 /* FBPricePeriod.h */ = {isa = PBXFileReference; fileEncoding = 4; lastKnownFileType = sourcecode.c.h; path = FBPricePeriod.h; sourceTree = "<group>"; };
		0A5FC51A1864D8B300F69BA5 /* FBPricePeriod.m */ = {isa = PBXFileReference; fileEncoding = 4; lastKnownFileType = sourcecode.c.objc; path = FBPricePeriod.m; sourceTree = "<group>"; };
		0A5FC51C1864DC6000F69BA5 /* FBGenabilityStore.h */ = {isa = PBXFileReference; fileEncoding = 4; lastKnownFileType = sourcecode.c.h; path = FBGenabilityStore.h; sourceTree = "<group>"; };
		0A5FC51D1864DC6000F69BA5 /* FBGenabilityStore.m */ = {isa = PBXFileReference; fileEncoding = 4; lastKnownFileType = sourcecode.c.objc; path = FBGenabilityStore.m; sourceTree = "<group>"; };
		0A5FC51F1864DE2200F69BA5 /* FBConnection.h */ = {isa = PBXFileReference; fileEncoding = 4; lastKnownFileType = sourcecode.c.h; path = FBConnection.h; sourceTree = "<group>"; };
		0A5FC5201864DE2200F69BA5 /* FBConnection.m */ = {isa = PBXFileReference; fileEncoding = 4; lastKnownFileType = sourcecode.c.objc; path = FBConnection.m; sourceTree = "<group>"; };
		0A5FC5221865174900F69BA5 /* FBTariff.h */ = {isa = PBXFileReference; fileEncoding = 4; lastKnownFileType = sourcecode.c.h; path = FBTariff.h; sourceTree = "<group>"; };
		0A5FC5231865174A00F69BA5 /* FBTariff.m */ = {isa = PBXFileReference; fileEncoding = 4; lastKnownFileType = sourcecode.c.objc; path = FBTariff.m; sourceTree = "<group>"; };
		0A6D138518908A2D00C8F977 /* FBCurrentPriceViewController.xib */ = {isa = PBXFileReference; fileEncoding = 4; lastKnownFileType = file.xib; path = FBCurrentPriceViewController.xib; sourceTree = "<group>"; };
		0A766C9718999BC400869088 /* FBTariffSearchResult.h */ = {isa = PBXFileReference; fileEncoding = 4; lastKnownFileType = sourcecode.c.h; path = FBTariffSearchResult.h; sourceTree = "<group>"; };
		0A766C9818999BC400869088 /* FBTariffSearchResult.m */ = {isa = PBXFileReference; fileEncoding = 4; lastKnownFileType = sourcecode.c.objc; path = FBTariffSearchResult.m; sourceTree = "<group>"; };
		0A766C9A189ACFDC00869088 /* FBChooseTariffViewCell.h */ = {isa = PBXFileReference; fileEncoding = 4; lastKnownFileType = sourcecode.c.h; path = FBChooseTariffViewCell.h; sourceTree = "<group>"; };
		0A766C9B189ACFDC00869088 /* FBChooseTariffViewCell.m */ = {isa = PBXFileReference; fileEncoding = 4; lastKnownFileType = sourcecode.c.objc; path = FBChooseTariffViewCell.m; sourceTree = "<group>"; };
		0A766C9D189AD00300869088 /* FBChooseTariffViewCell.xib */ = {isa = PBXFileReference; fileEncoding = 4; lastKnownFileType = file.xib; path = FBChooseTariffViewCell.xib; sourceTree = "<group>"; };
		0A766C9F189AD1AB00869088 /* pge.jpg */ = {isa = PBXFileReference; lastKnownFileType = image.jpeg; path = pge.jpg; sourceTree = "<group>"; };
		0A84C22C189B1A7000E4A91D /* MKAnnotationView+WebCache.h */ = {isa = PBXFileReference; fileEncoding = 4; lastKnownFileType = sourcecode.c.h; path = "MKAnnotationView+WebCache.h"; sourceTree = "<group>"; };
		0A84C22D189B1A7000E4A91D /* MKAnnotationView+WebCache.m */ = {isa = PBXFileReference; fileEncoding = 4; lastKnownFileType = sourcecode.c.objc; path = "MKAnnotationView+WebCache.m"; sourceTree = "<group>"; };
		0A84C22E189B1A7000E4A91D /* NSData+ImageContentType.h */ = {isa = PBXFileReference; fileEncoding = 4; lastKnownFileType = sourcecode.c.h; path = "NSData+ImageContentType.h"; sourceTree = "<group>"; };
		0A84C22F189B1A7000E4A91D /* NSData+ImageContentType.m */ = {isa = PBXFileReference; fileEncoding = 4; lastKnownFileType = sourcecode.c.objc; path = "NSData+ImageContentType.m"; sourceTree = "<group>"; };
		0A84C230189B1A7000E4A91D /* SDImageCache.h */ = {isa = PBXFileReference; fileEncoding = 4; lastKnownFileType = sourcecode.c.h; path = SDImageCache.h; sourceTree = "<group>"; };
		0A84C231189B1A7000E4A91D /* SDImageCache.m */ = {isa = PBXFileReference; fileEncoding = 4; lastKnownFileType = sourcecode.c.objc; path = SDImageCache.m; sourceTree = "<group>"; };
		0A84C232189B1A7000E4A91D /* SDWebImageCompat.h */ = {isa = PBXFileReference; fileEncoding = 4; lastKnownFileType = sourcecode.c.h; path = SDWebImageCompat.h; sourceTree = "<group>"; };
		0A84C233189B1A7000E4A91D /* SDWebImageCompat.m */ = {isa = PBXFileReference; fileEncoding = 4; lastKnownFileType = sourcecode.c.objc; path = SDWebImageCompat.m; sourceTree = "<group>"; };
		0A84C234189B1A7000E4A91D /* SDWebImageDecoder.h */ = {isa = PBXFileReference; fileEncoding = 4; lastKnownFileType = sourcecode.c.h; path = SDWebImageDecoder.h; sourceTree = "<group>"; };
		0A84C235189B1A7000E4A91D /* SDWebImageDecoder.m */ = {isa = PBXFileReference; fileEncoding = 4; lastKnownFileType = sourcecode.c.objc; path = SDWebImageDecoder.m; sourceTree = "<group>"; };
		0A84C236189B1A7000E4A91D /* SDWebImageDownloader.h */ = {isa = PBXFileReference; fileEncoding = 4; lastKnownFileType = sourcecode.c.h; path = SDWebImageDownloader.h; sourceTree = "<group>"; };
		0A84C237189B1A7000E4A91D /* SDWebImageDownloader.m */ = {isa = PBXFileReference; fileEncoding = 4; lastKnownFileType = sourcecode.c.objc; path = SDWebImageDownloader.m; sourceTree = "<group>"; };
		0A84C238189B1A7000E4A91D /* SDWebImageDownloaderOperation.h */ = {isa = PBXFileReference; fileEncoding = 4; lastKnownFileType = sourcecode.c.h; path = SDWebImageDownloaderOperation.h; sourceTree = "<group>"; };
		0A84C239189B1A7000E4A91D /* SDWebImageDownloaderOperation.m */ = {isa = PBXFileReference; fileEncoding = 4; lastKnownFileType = sourcecode.c.objc; path = SDWebImageDownloaderOperation.m; sourceTree = "<group>"; };
		0A84C23A189B1A7000E4A91D /* SDWebImageManager.h */ = {isa = PBXFileReference; fileEncoding = 4; lastKnownFileType = sourcecode.c.h; path = SDWebImageManager.h; sourceTree = "<group>"; };
		0A84C23B189B1A7000E4A91D /* SDWebImageManager.m */ = {isa = PBXFileReference; fileEncoding = 4; lastKnownFileType = sourcecode.c.objc; path = SDWebImageManager.m; sourceTree = "<group>"; };
		0A84C23C189B1A7000E4A91D /* SDWebImageOperation.h */ = {isa = PBXFileReference; fileEncoding = 4; lastKnownFileType = sourcecode.c.h; path = SDWebImageOperation.h; sourceTree = "<group>"; };
		0A84C23D189B1A7000E4A91D /* SDWebImagePrefetcher.h */ = {isa = PBXFileReference; fileEncoding = 4; lastKnownFileType = sourcecode.c.h; path = SDWebImagePrefetcher.h; sourceTree = "<group>"; };
		0A84C23E189B1A7000E4A91D /* SDWebImagePrefetcher.m */ = {isa = PBXFileReference; fileEncoding = 4; lastKnownFileType = sourcecode.c.objc; path = SDWebImagePrefetcher.m; sourceTree = "<group>"; };
		0A84C23F189B1A7000E4A91D /* UIButton+WebCache.h */ = {isa = PBXFileReference; fileEncoding = 4; lastKnownFileType = sourcecode.c.h; path = "UIButton+WebCache.h"; sourceTree = "<group>"; };
		0A84C240189B1A7000E4A91D /* UIButton+WebCache.m */ = {isa = PBXFileReference; fileEncoding = 4; lastKnownFileType = sourcecode.c.objc; path = "UIButton+WebCache.m"; sourceTree = "<group>"; };
		0A84C241189B1A7000E4A91D /* UIImage+GIF.h */ = {isa = PBXFileReference; fileEncoding = 4; lastKnownFileType = sourcecode.c.h; path = "UIImage+GIF.h"; sourceTree = "<group>"; };
		0A84C242189B1A7000E4A91D /* UIImage+GIF.m */ = {isa = PBXFileReference; fileEncoding = 4; lastKnownFileType = sourcecode.c.objc; path = "UIImage+GIF.m"; sourceTree = "<group>"; };
		0A84C243189B1A7000E4A91D /* UIImage+MultiFormat.h */ = {isa = PBXFileReference; fileEncoding = 4; lastKnownFileType = sourcecode.c.h; path = "UIImage+MultiFormat.h"; sourceTree = "<group>"; };
		0A84C244189B1A7000E4A91D /* UIImage+MultiFormat.m */ = {isa = PBXFileReference; fileEncoding = 4; lastKnownFileType = sourcecode.c.objc; path = "UIImage+MultiFormat.m"; sourceTree = "<group>"; };
		0A84C245189B1A7000E4A91D /* UIImage+WebP.h */ = {isa = PBXFileReference; fileEncoding = 4; lastKnownFileType = sourcecode.c.h; path = "UIImage+WebP.h"; sourceTree = "<group>"; };
		0A84C246189B1A7000E4A91D /* UIImage+WebP.m */ = {isa = PBXFileReference; fileEncoding = 4; lastKnownFileType = sourcecode.c.objc; path = "UIImage+WebP.m"; sourceTree = "<group>"; };
		0A84C247189B1A7000E4A91D /* UIImageView+WebCache.h */ = {isa = PBXFileReference; fileEncoding = 4; lastKnownFileType = sourcecode.c.h; path = "UIImageView+WebCache.h"; sourceTree = "<group>"; };
		0A84C248189B1A7000E4A91D /* UIImageView+WebCache.m */ = {isa = PBXFileReference; fileEncoding = 4; lastKnownFileType = sourcecode.c.objc; path = "UIImageView+WebCache.m"; sourceTree = "<group>"; };
		0A84C257189B1A8800E4A91D /* ImageIO.framework */ = {isa = PBXFileReference; lastKnownFileType = wrapper.framework; name = ImageIO.framework; path = System/Library/Frameworks/ImageIO.framework; sourceTree = SDKROOT; };
		0A84C261189B324D00E4A91D /* ciudad640x960@2x.png */ = {isa = PBXFileReference; lastKnownFileType = image.png; path = "ciudad640x960@2x.png"; sourceTree = "<group>"; };
		0A84C263189B35EB00E4A91D /* ciudad640x1136@2x.png */ = {isa = PBXFileReference; lastKnownFileType = image.png; path = "ciudad640x1136@2x.png"; sourceTree = "<group>"; };
		0A84C265189C49B900E4A91D /* FBHomeViewController.h */ = {isa = PBXFileReference; fileEncoding = 4; lastKnownFileType = sourcecode.c.h; path = FBHomeViewController.h; sourceTree = "<group>"; };
		0A84C266189C49B900E4A91D /* FBHomeViewController.m */ = {isa = PBXFileReference; fileEncoding = 4; lastKnownFileType = sourcecode.c.objc; path = FBHomeViewController.m; sourceTree = "<group>"; };
		0A84C267189C49B900E4A91D /* FBHomeViewController.xib */ = {isa = PBXFileReference; fileEncoding = 4; lastKnownFileType = file.xib; path = FBHomeViewController.xib; sourceTree = "<group>"; };
		0A9D7E14184D744500BAE38D /* Toupe.app */ = {isa = PBXFileReference; explicitFileType = wrapper.application; includeInIndex = 0; path = Toupe.app; sourceTree = BUILT_PRODUCTS_DIR; };
		0A9D7E17184D744500BAE38D /* Foundation.framework */ = {isa = PBXFileReference; lastKnownFileType = wrapper.framework; name = Foundation.framework; path = System/Library/Frameworks/Foundation.framework; sourceTree = SDKROOT; };
		0A9D7E19184D744500BAE38D /* CoreGraphics.framework */ = {isa = PBXFileReference; lastKnownFileType = wrapper.framework; name = CoreGraphics.framework; path = System/Library/Frameworks/CoreGraphics.framework; sourceTree = SDKROOT; };
		0A9D7E1B184D744500BAE38D /* UIKit.framework */ = {isa = PBXFileReference; lastKnownFileType = wrapper.framework; name = UIKit.framework; path = System/Library/Frameworks/UIKit.framework; sourceTree = SDKROOT; };
		0A9D7E1F184D744500BAE38D /* Toupe-Info.plist */ = {isa = PBXFileReference; lastKnownFileType = text.plist.xml; path = "Toupe-Info.plist"; sourceTree = "<group>"; };
		0A9D7E21184D744500BAE38D /* en */ = {isa = PBXFileReference; lastKnownFileType = text.plist.strings; name = en; path = en.lproj/InfoPlist.strings; sourceTree = "<group>"; };
		0A9D7E23184D744500BAE38D /* main.m */ = {isa = PBXFileReference; lastKnownFileType = sourcecode.c.objc; path = main.m; sourceTree = "<group>"; };
		0A9D7E25184D744500BAE38D /* Toupe-Prefix.pch */ = {isa = PBXFileReference; lastKnownFileType = sourcecode.c.h; path = "Toupe-Prefix.pch"; sourceTree = "<group>"; };
		0A9D7E26184D744500BAE38D /* FBAppDelegate.h */ = {isa = PBXFileReference; lastKnownFileType = sourcecode.c.h; path = FBAppDelegate.h; sourceTree = "<group>"; };
		0A9D7E27184D744500BAE38D /* FBAppDelegate.m */ = {isa = PBXFileReference; lastKnownFileType = sourcecode.c.objc; path = FBAppDelegate.m; sourceTree = "<group>"; };
		0A9D7E2A184D744500BAE38D /* Base */ = {isa = PBXFileReference; lastKnownFileType = file.storyboard; name = Base; path = Base.lproj/Main_iPhone.storyboard; sourceTree = "<group>"; };
		0A9D7E2D184D744500BAE38D /* Base */ = {isa = PBXFileReference; lastKnownFileType = file.storyboard; name = Base; path = Base.lproj/Main_iPad.storyboard; sourceTree = "<group>"; };
		0A9D7E2F184D744500BAE38D /* FBViewController.h */ = {isa = PBXFileReference; lastKnownFileType = sourcecode.c.h; name = FBViewController.h; path = Toupe/FBViewController.h; sourceTree = "<group>"; };
		0A9D7E30184D744500BAE38D /* FBViewController.m */ = {isa = PBXFileReference; lastKnownFileType = sourcecode.c.objc; name = FBViewController.m; path = Toupe/FBViewController.m; sourceTree = "<group>"; };
		0A9D7E32184D744500BAE38D /* Images.xcassets */ = {isa = PBXFileReference; lastKnownFileType = folder.assetcatalog; path = Images.xcassets; sourceTree = "<group>"; };
		0A9D7E38184D744500BAE38D /* ToupeTests.xctest */ = {isa = PBXFileReference; explicitFileType = wrapper.cfbundle; includeInIndex = 0; path = ToupeTests.xctest; sourceTree = BUILT_PRODUCTS_DIR; };
		0A9D7E39184D744500BAE38D /* XCTest.framework */ = {isa = PBXFileReference; lastKnownFileType = wrapper.framework; name = XCTest.framework; path = Library/Frameworks/XCTest.framework; sourceTree = DEVELOPER_DIR; };
		0A9D7E41184D744500BAE38D /* ToupeTests-Info.plist */ = {isa = PBXFileReference; lastKnownFileType = text.plist.xml; path = "ToupeTests-Info.plist"; sourceTree = "<group>"; };
		0A9D7E43184D744500BAE38D /* en */ = {isa = PBXFileReference; lastKnownFileType = text.plist.strings; name = en; path = en.lproj/InfoPlist.strings; sourceTree = "<group>"; };
		0A9D7E45184D744500BAE38D /* ToupeTests.m */ = {isa = PBXFileReference; lastKnownFileType = sourcecode.c.objc; path = ToupeTests.m; sourceTree = "<group>"; };
		0A9D7E4F184E574C00BAE38D /* FBSetupViewController.h */ = {isa = PBXFileReference; fileEncoding = 4; lastKnownFileType = sourcecode.c.h; name = FBSetupViewController.h; path = Toupe/FBSetupViewController.h; sourceTree = "<group>"; };
		0A9D7E50184E574C00BAE38D /* FBSetupViewController.m */ = {isa = PBXFileReference; fileEncoding = 4; lastKnownFileType = sourcecode.c.objc; name = FBSetupViewController.m; path = Toupe/FBSetupViewController.m; sourceTree = "<group>"; };
		0A9D7E52184E63AC00BAE38D /* FBCurrentPriceViewController.h */ = {isa = PBXFileReference; fileEncoding = 4; lastKnownFileType = sourcecode.c.h; name = FBCurrentPriceViewController.h; path = Toupe/FBCurrentPriceViewController.h; sourceTree = "<group>"; };
		0A9D7E53184E63AC00BAE38D /* FBCurrentPriceViewController.m */ = {isa = PBXFileReference; fileEncoding = 4; lastKnownFileType = sourcecode.c.objc; name = FBCurrentPriceViewController.m; path = Toupe/FBCurrentPriceViewController.m; sourceTree = "<group>"; };
		0AB66DF0189EE89E00441562 /* FBTariffPriceViewController.h */ = {isa = PBXFileReference; fileEncoding = 4; lastKnownFileType = sourcecode.c.h; path = FBTariffPriceViewController.h; sourceTree = "<group>"; };
		0AB66DF1189EE89E00441562 /* FBTariffPriceViewController.m */ = {isa = PBXFileReference; fileEncoding = 4; lastKnownFileType = sourcecode.c.objc; path = FBTariffPriceViewController.m; sourceTree = "<group>"; };
		0AB66DF2189EE89E00441562 /* FBTariffPriceViewController.xib */ = {isa = PBXFileReference; fileEncoding = 4; lastKnownFileType = file.xib; path = FBTariffPriceViewController.xib; sourceTree = "<group>"; };
		0AB66DF5189EF5A900441562 /* FBLSE.h */ = {isa = PBXFileReference; fileEncoding = 4; lastKnownFileType = sourcecode.c.h; path = FBLSE.h; sourceTree = "<group>"; };
		0AB66DF6189EF5A900441562 /* FBLSE.m */ = {isa = PBXFileReference; fileEncoding = 4; lastKnownFileType = sourcecode.c.objc; path = FBLSE.m; sourceTree = "<group>"; };
		0AB66DFA18A01D1C00441562 /* blueorange640x960@2x.png */ = {isa = PBXFileReference; lastKnownFileType = image.png; path = "blueorange640x960@2x.png"; sourceTree = "<group>"; };
		0AB66DFB18A01D1C00441562 /* blueorange640x1136@2x.png */ = {isa = PBXFileReference; lastKnownFileType = image.png; path = "blueorange640x1136@2x.png"; sourceTree = "<group>"; };
		0AB66DFF18A17FDA00441562 /* FBDayViewController.h */ = {isa = PBXFileReference; fileEncoding = 4; lastKnownFileType = sourcecode.c.h; path = FBDayViewController.h; sourceTree = "<group>"; };
		0AB66E0018A17FDA00441562 /* FBDayViewController.m */ = {isa = PBXFileReference; fileEncoding = 4; lastKnownFileType = sourcecode.c.objc; path = FBDayViewController.m; sourceTree = "<group>"; };
		0AB66E0118A17FDA00441562 /* FBDayViewController.xib */ = {isa = PBXFileReference; fileEncoding = 4; lastKnownFileType = file.xib; path = FBDayViewController.xib; sourceTree = "<group>"; };
		0AB66E0418A1800D00441562 /* FBDayPricePeriodViewController.h */ = {isa = PBXFileReference; fileEncoding = 4; lastKnownFileType = sourcecode.c.h; path = FBDayPricePeriodViewController.h; sourceTree = "<group>"; };
		0AB66E0518A1800D00441562 /* FBDayPricePeriodViewController.m */ = {isa = PBXFileReference; fileEncoding = 4; lastKnownFileType = sourcecode.c.objc; path = FBDayPricePeriodViewController.m; sourceTree = "<group>"; };
		0AB66E0618A1800D00441562 /* FBDayPricePeriodViewController.xib */ = {isa = PBXFileReference; fileEncoding = 4; lastKnownFileType = file.xib; path = FBDayPricePeriodViewController.xib; sourceTree = "<group>"; };
		0AC187FB1861009900A0DD9F /* FBUserProfileStore.h */ = {isa = PBXFileReference; fileEncoding = 4; lastKnownFileType = sourcecode.c.h; path = FBUserProfileStore.h; sourceTree = "<group>"; };
		0AC187FC1861009900A0DD9F /* FBUserProfileStore.m */ = {isa = PBXFileReference; fileEncoding = 4; lastKnownFileType = sourcecode.c.objc; path = FBUserProfileStore.m; sourceTree = "<group>"; };
		0AC187FE1861012B00A0DD9F /* FBUserProfile.h */ = {isa = PBXFileReference; fileEncoding = 4; lastKnownFileType = sourcecode.c.h; path = FBUserProfile.h; sourceTree = "<group>"; };
		0AC187FF1861012B00A0DD9F /* FBUserProfile.m */ = {isa = PBXFileReference; fileEncoding = 4; lastKnownFileType = sourcecode.c.objc; path = FBUserProfile.m; sourceTree = "<group>"; };
		0AC2DAC9189832F9005CB500 /* FBRootNavigationController.h */ = {isa = PBXFileReference; fileEncoding = 4; lastKnownFileType = sourcecode.c.h; path = FBRootNavigationController.h; sourceTree = "<group>"; };
		0AC2DACA189832F9005CB500 /* FBRootNavigationController.m */ = {isa = PBXFileReference; fileEncoding = 4; lastKnownFileType = sourcecode.c.objc; path = FBRootNavigationController.m; sourceTree = "<group>"; };
		0AC2DACE18983F34005CB500 /* iAd.framework */ = {isa = PBXFileReference; lastKnownFileType = wrapper.framework; name = iAd.framework; path = System/Library/Frameworks/iAd.framework; sourceTree = SDKROOT; };
		0AC2DAD0189842A9005CB500 /* Colours.h */ = {isa = PBXFileReference; fileEncoding = 4; lastKnownFileType = sourcecode.c.h; path = Colours.h; sourceTree = "<group>"; };
		0AC2DAD1189842A9005CB500 /* Colours.m */ = {isa = PBXFileReference; fileEncoding = 4; lastKnownFileType = sourcecode.c.objc; path = Colours.m; sourceTree = "<group>"; };
		0AC2DAD4189844C6005CB500 /* FBFAQViewController.h */ = {isa = PBXFileReference; fileEncoding = 4; lastKnownFileType = sourcecode.c.h; path = FBFAQViewController.h; sourceTree = "<group>"; };
		0AC2DAD5189844C6005CB500 /* FBFAQViewController.m */ = {isa = PBXFileReference; fileEncoding = 4; lastKnownFileType = sourcecode.c.objc; path = FBFAQViewController.m; sourceTree = "<group>"; };
		0AC2DAD6189844C6005CB500 /* FBFAQViewController.xib */ = {isa = PBXFileReference; fileEncoding = 4; lastKnownFileType = file.xib; path = FBFAQViewController.xib; sourceTree = "<group>"; };
		0AC2DADC189859E9005CB500 /* FBSetupViewController.xib */ = {isa = PBXFileReference; fileEncoding = 4; lastKnownFileType = file.xib; path = FBSetupViewController.xib; sourceTree = "<group>"; };
		0AC9FAE218C2BB4F0086B48F /* FBPricePeriodViewController.h */ = {isa = PBXFileReference; fileEncoding = 4; lastKnownFileType = sourcecode.c.h; path = FBPricePeriodViewController.h; sourceTree = "<group>"; };
		0AC9FAE318C2BB4F0086B48F /* FBPricePeriodViewController.m */ = {isa = PBXFileReference; fileEncoding = 4; lastKnownFileType = sourcecode.c.objc; path = FBPricePeriodViewController.m; sourceTree = "<group>"; };
		0AC9FAE418C2BB4F0086B48F /* FBPricePeriodViewController.xib */ = {isa = PBXFileReference; fileEncoding = 4; lastKnownFileType = file.xib; path = FBPricePeriodViewController.xib; sourceTree = "<group>"; };
		0AC9FAE718C5021C0086B48F /* FBWelcomeViewController.h */ = {isa = PBXFileReference; fileEncoding = 4; lastKnownFileType = sourcecode.c.h; path = FBWelcomeViewController.h; sourceTree = "<group>"; };
		0AC9FAE818C5021C0086B48F /* FBWelcomeViewController.m */ = {isa = PBXFileReference; fileEncoding = 4; lastKnownFileType = sourcecode.c.objc; path = FBWelcomeViewController.m; sourceTree = "<group>"; };
		0AC9FAE918C5021C0086B48F /* FBWelcomeViewController.xib */ = {isa = PBXFileReference; fileEncoding = 4; lastKnownFileType = file.xib; path = FBWelcomeViewController.xib; sourceTree = "<group>"; };
		0AC9FAEC18C503B50086B48F /* toupe.png */ = {isa = PBXFileReference; lastKnownFileType = image.png; path = toupe.png; sourceTree = "<group>"; };
		0AD6126E18CF911500FB4667 /* libTestFlight.a */ = {isa = PBXFileReference; lastKnownFileType = archive.ar; path = libTestFlight.a; sourceTree = "<group>"; };
		0AD6126F18CF911500FB4667 /* README.md */ = {isa = PBXFileReference; fileEncoding = 4; lastKnownFileType = text; path = README.md; sourceTree = "<group>"; };
		0AD6127018CF911500FB4667 /* release_notes.md */ = {isa = PBXFileReference; fileEncoding = 4; lastKnownFileType = text; path = release_notes.md; sourceTree = "<group>"; };
		0AD6127118CF911500FB4667 /* TestFlight+AsyncLogging.h */ = {isa = PBXFileReference; fileEncoding = 4; lastKnownFileType = sourcecode.c.h; path = "TestFlight+AsyncLogging.h"; sourceTree = "<group>"; };
		0AD6127218CF911500FB4667 /* TestFlight+ManualSessions.h */ = {isa = PBXFileReference; fileEncoding = 4; lastKnownFileType = sourcecode.c.h; path = "TestFlight+ManualSessions.h"; sourceTree = "<group>"; };
		0AD6127318CF911500FB4667 /* TestFlight.h */ = {isa = PBXFileReference; fileEncoding = 4; lastKnownFileType = sourcecode.c.h; path = TestFlight.h; sourceTree = "<group>"; };
		0AD6127718CF917000FB4667 /* libz.dylib */ = {isa = PBXFileReference; lastKnownFileType = "compiled.mach-o.dylib"; name = libz.dylib; path = usr/lib/libz.dylib; sourceTree = SDKROOT; };
		0AD6128418D11CFB00FB4667 /* FBHelpViewController.h */ = {isa = PBXFileReference; fileEncoding = 4; lastKnownFileType = sourcecode.c.h; path = FBHelpViewController.h; sourceTree = "<group>"; };
		0AD6128518D11CFB00FB4667 /* FBHelpViewController.m */ = {isa = PBXFileReference; fileEncoding = 4; lastKnownFileType = sourcecode.c.objc; path = FBHelpViewController.m; sourceTree = "<group>"; };
		0AD6128618D11CFB00FB4667 /* FBHelpViewController.xib */ = {isa = PBXFileReference; fileEncoding = 4; lastKnownFileType = file.xib; path = FBHelpViewController.xib; sourceTree = "<group>"; };
		0AD6128918D1281400FB4667 /* helpscreenshot.png */ = {isa = PBXFileReference; lastKnownFileType = image.png; path = helpscreenshot.png; sourceTree = "<group>"; };
		0AD6128B18D25CF100FB4667 /* graystar.png */ = {isa = PBXFileReference; lastKnownFileType = image.png; path = graystar.png; sourceTree = "<group>"; };
		0AD6128D18D36C7800FB4667 /* yellowbar.png */ = {isa = PBXFileReference; lastKnownFileType = image.png; path = yellowbar.png; sourceTree = "<group>"; };
		0AE297BA18D7ADCF00695883 /* FBFAQ.h */ = {isa = PBXFileReference; fileEncoding = 4; lastKnownFileType = sourcecode.c.h; path = FBFAQ.h; sourceTree = "<group>"; };
		0AE297BB18D7ADCF00695883 /* FBFAQ.m */ = {isa = PBXFileReference; fileEncoding = 4; lastKnownFileType = sourcecode.c.objc; path = FBFAQ.m; sourceTree = "<group>"; };
		0AE297BD18D7AE3600695883 /* FBFAQStore.h */ = {isa = PBXFileReference; fileEncoding = 4; lastKnownFileType = sourcecode.c.h; path = FBFAQStore.h; sourceTree = "<group>"; };
		0AE297BE18D7AE3600695883 /* FBFAQStore.m */ = {isa = PBXFileReference; fileEncoding = 4; lastKnownFileType = sourcecode.c.objc; path = FBFAQStore.m; sourceTree = "<group>"; };
		0AE297C018D7B1E900695883 /* FBFAQDetailViewController.h */ = {isa = PBXFileReference; fileEncoding = 4; lastKnownFileType = sourcecode.c.h; path = FBFAQDetailViewController.h; sourceTree = "<group>"; };
		0AE297C118D7B1E900695883 /* FBFAQDetailViewController.m */ = {isa = PBXFileReference; fileEncoding = 4; lastKnownFileType = sourcecode.c.objc; path = FBFAQDetailViewController.m; sourceTree = "<group>"; };
		0AE297C218D7B1E900695883 /* FBFAQDetailViewController.xib */ = {isa = PBXFileReference; fileEncoding = 4; lastKnownFileType = file.xib; path = FBFAQDetailViewController.xib; sourceTree = "<group>"; };
		0AE9DEB218985F7B008B615D /* faq.png */ = {isa = PBXFileReference; lastKnownFileType = image.png; path = faq.png; sourceTree = "<group>"; };
		0AE9DEB418986019008B615D /* setup.png */ = {isa = PBXFileReference; lastKnownFileType = image.png; path = setup.png; sourceTree = "<group>"; };
		0AE9DEB61898667C008B615D /* genability.png */ = {isa = PBXFileReference; lastKnownFileType = image.png; path = genability.png; sourceTree = "<group>"; };
		0AE9DEB91898682B008B615D /* setup2.png */ = {isa = PBXFileReference; lastKnownFileType = image.png; path = setup2.png; sourceTree = "<group>"; };
		0AE9DEBB18986AA5008B615D /* tool.png */ = {isa = PBXFileReference; lastKnownFileType = image.png; path = tool.png; sourceTree = "<group>"; };
		0AE9DEBD18986B65008B615D /* calculator.png */ = {isa = PBXFileReference; lastKnownFileType = image.png; path = calculator.png; sourceTree = "<group>"; };
		0AE9DEBF18987708008B615D /* FBChooseUtilityViewController.h */ = {isa = PBXFileReference; fileEncoding = 4; lastKnownFileType = sourcecode.c.h; path = FBChooseUtilityViewController.h; sourceTree = "<group>"; };
		0AE9DEC018987708008B615D /* FBChooseUtilityViewController.m */ = {isa = PBXFileReference; fileEncoding = 4; lastKnownFileType = sourcecode.c.objc; path = FBChooseUtilityViewController.m; sourceTree = "<group>"; };
		0AE9DEC118987708008B615D /* FBChooseUtilityViewController.xib */ = {isa = PBXFileReference; fileEncoding = 4; lastKnownFileType = file.xib; path = FBChooseUtilityViewController.xib; sourceTree = "<group>"; };
		0AE9DEC418987C75008B615D /* FBEnterZipCodeViewController.h */ = {isa = PBXFileReference; fileEncoding = 4; lastKnownFileType = sourcecode.c.h; path = FBEnterZipCodeViewController.h; sourceTree = "<group>"; };
		0AE9DEC518987C75008B615D /* FBEnterZipCodeViewController.m */ = {isa = PBXFileReference; fileEncoding = 4; lastKnownFileType = sourcecode.c.objc; path = FBEnterZipCodeViewController.m; sourceTree = "<group>"; };
		0AE9DEC618987C75008B615D /* FBEnterZipCodeViewController.xib */ = {isa = PBXFileReference; fileEncoding = 4; lastKnownFileType = file.xib; path = FBEnterZipCodeViewController.xib; sourceTree = "<group>"; };
		0AE9DEC918987F2A008B615D /* FBChooseTariffViewController.h */ = {isa = PBXFileReference; fileEncoding = 4; lastKnownFileType = sourcecode.c.h; path = FBChooseTariffViewController.h; sourceTree = "<group>"; };
		0AE9DECA18987F2A008B615D /* FBChooseTariffViewController.m */ = {isa = PBXFileReference; fileEncoding = 4; lastKnownFileType = sourcecode.c.objc; path = FBChooseTariffViewController.m; sourceTree = "<group>"; };
		0AE9DECB18987F2A008B615D /* FBChooseTariffViewController.xib */ = {isa = PBXFileReference; fileEncoding = 4; lastKnownFileType = file.xib; path = FBChooseTariffViewController.xib; sourceTree = "<group>"; };
		0AE9DED018988587008B615D /* refresh.png */ = {isa = PBXFileReference; lastKnownFileType = image.png; path = refresh.png; sourceTree = "<group>"; };
		0AF4FDE718D76DEA005432CF /* FBHelp10ViewController.h */ = {isa = PBXFileReference; fileEncoding = 4; lastKnownFileType = sourcecode.c.h; path = FBHelp10ViewController.h; sourceTree = "<group>"; };
		0AF4FDE818D76DEA005432CF /* FBHelp10ViewController.m */ = {isa = PBXFileReference; fileEncoding = 4; lastKnownFileType = sourcecode.c.objc; path = FBHelp10ViewController.m; sourceTree = "<group>"; };
		0AF4FDE918D76DEA005432CF /* FBHelp10ViewController.xib */ = {isa = PBXFileReference; fileEncoding = 4; lastKnownFileType = file.xib; path = FBHelp10ViewController.xib; sourceTree = "<group>"; };
		0AF4FDEC18D76E03005432CF /* FBHelp20ViewController.h */ = {isa = PBXFileReference; fileEncoding = 4; lastKnownFileType = sourcecode.c.h; path = FBHelp20ViewController.h; sourceTree = "<group>"; };
		0AF4FDED18D76E03005432CF /* FBHelp20ViewController.m */ = {isa = PBXFileReference; fileEncoding = 4; lastKnownFileType = sourcecode.c.objc; path = FBHelp20ViewController.m; sourceTree = "<group>"; };
		0AF4FDEE18D76E03005432CF /* FBHelp20ViewController.xib */ = {isa = PBXFileReference; fileEncoding = 4; lastKnownFileType = file.xib; path = FBHelp20ViewController.xib; sourceTree = "<group>"; };
/* End PBXFileReference section */

/* Begin PBXFrameworksBuildPhase section */
		0A9D7E11184D744500BAE38D /* Frameworks */ = {
			isa = PBXFrameworksBuildPhase;
			buildActionMask = 2147483647;
			files = (
				0AD6127818CF917000FB4667 /* libz.dylib in Frameworks */,
				0A84C258189B1A8800E4A91D /* ImageIO.framework in Frameworks */,
				0AC2DACF18983F34005CB500 /* iAd.framework in Frameworks */,
				0A9D7E1A184D744500BAE38D /* CoreGraphics.framework in Frameworks */,
				0AD6127418CF911500FB4667 /* libTestFlight.a in Frameworks */,
				0A9D7E1C184D744500BAE38D /* UIKit.framework in Frameworks */,
				0A9D7E18184D744500BAE38D /* Foundation.framework in Frameworks */,
			);
			runOnlyForDeploymentPostprocessing = 0;
		};
		0A9D7E35184D744500BAE38D /* Frameworks */ = {
			isa = PBXFrameworksBuildPhase;
			buildActionMask = 2147483647;
			files = (
				0A9D7E3A184D744500BAE38D /* XCTest.framework in Frameworks */,
				0A9D7E3C184D744500BAE38D /* UIKit.framework in Frameworks */,
				0A9D7E3B184D744500BAE38D /* Foundation.framework in Frameworks */,
			);
			runOnlyForDeploymentPostprocessing = 0;
		};
/* End PBXFrameworksBuildPhase section */

/* Begin PBXGroup section */
		0A3E8E4418CE7CEA00E45DBA /* Tariff Drawer */ = {
			isa = PBXGroup;
			children = (
				0A3E8E3F18CE770C00E45DBA /* FBTariffDrawerViewController.h */,
				0A3E8E4018CE770C00E45DBA /* FBTariffDrawerViewController.m */,
				0A3E8E4118CE770C00E45DBA /* FBTariffDrawerViewController.xib */,
				0A3E8E4518CE7D1900E45DBA /* FBTariffDrawerTableViewCell.h */,
				0A3E8E4618CE7D1900E45DBA /* FBTariffDrawerTableViewCell.m */,
				0A3E8E4818CE7D5D00E45DBA /* FBTariffDrawerTableViewCell.xib */,
			);
			name = "Tariff Drawer";
			sourceTree = "<group>";
		};
		0A6D13841890817C00C8F977 /* Data Model */ = {
			isa = PBXGroup;
			children = (
				0A5FC5161864D5D300F69BA5 /* FBSmartPriceSummary.h */,
				0A5FC5171864D5D300F69BA5 /* FBSmartPriceSummary.m */,
				0A5FC5191864D8B300F69BA5 /* FBPricePeriod.h */,
				0A5FC51A1864D8B300F69BA5 /* FBPricePeriod.m */,
				0A5FC5221865174900F69BA5 /* FBTariff.h */,
				0A5FC5231865174A00F69BA5 /* FBTariff.m */,
				0A766C9718999BC400869088 /* FBTariffSearchResult.h */,
				0A766C9818999BC400869088 /* FBTariffSearchResult.m */,
				0AB66DF5189EF5A900441562 /* FBLSE.h */,
				0AB66DF6189EF5A900441562 /* FBLSE.m */,
			);
			name = "Data Model";
			sourceTree = "<group>";
		};
		0A6D138918909C4100C8F977 /* Project Recycle Bin */ = {
			isa = PBXGroup;
			children = (
				0A9D7E4F184E574C00BAE38D /* FBSetupViewController.h */,
				0A9D7E50184E574C00BAE38D /* FBSetupViewController.m */,
				0AC2DADC189859E9005CB500 /* FBSetupViewController.xib */,
				0AE9DEC918987F2A008B615D /* FBChooseTariffViewController.h */,
				0AE9DECA18987F2A008B615D /* FBChooseTariffViewController.m */,
				0AE9DECB18987F2A008B615D /* FBChooseTariffViewController.xib */,
				0A9D7E2F184D744500BAE38D /* FBViewController.h */,
				0A9D7E30184D744500BAE38D /* FBViewController.m */,
				0A9D7E29184D744500BAE38D /* Main_iPhone.storyboard */,
				0A9D7E2C184D744500BAE38D /* Main_iPad.storyboard */,
				0AC2DAC9189832F9005CB500 /* FBRootNavigationController.h */,
				0AC2DACA189832F9005CB500 /* FBRootNavigationController.m */,
				0A9D7E52184E63AC00BAE38D /* FBCurrentPriceViewController.h */,
				0A9D7E53184E63AC00BAE38D /* FBCurrentPriceViewController.m */,
				0A6D138518908A2D00C8F977 /* FBCurrentPriceViewController.xib */,
			);
			name = "Project Recycle Bin";
			sourceTree = "<group>";
		};
		0A84C22B189B1A7000E4A91D /* SDWebImage */ = {
			isa = PBXGroup;
			children = (
				0A84C22C189B1A7000E4A91D /* MKAnnotationView+WebCache.h */,
				0A84C22D189B1A7000E4A91D /* MKAnnotationView+WebCache.m */,
				0A84C22E189B1A7000E4A91D /* NSData+ImageContentType.h */,
				0A84C22F189B1A7000E4A91D /* NSData+ImageContentType.m */,
				0A84C230189B1A7000E4A91D /* SDImageCache.h */,
				0A84C231189B1A7000E4A91D /* SDImageCache.m */,
				0A84C232189B1A7000E4A91D /* SDWebImageCompat.h */,
				0A84C233189B1A7000E4A91D /* SDWebImageCompat.m */,
				0A84C234189B1A7000E4A91D /* SDWebImageDecoder.h */,
				0A84C235189B1A7000E4A91D /* SDWebImageDecoder.m */,
				0A84C236189B1A7000E4A91D /* SDWebImageDownloader.h */,
				0A84C237189B1A7000E4A91D /* SDWebImageDownloader.m */,
				0A84C238189B1A7000E4A91D /* SDWebImageDownloaderOperation.h */,
				0A84C239189B1A7000E4A91D /* SDWebImageDownloaderOperation.m */,
				0A84C23A189B1A7000E4A91D /* SDWebImageManager.h */,
				0A84C23B189B1A7000E4A91D /* SDWebImageManager.m */,
				0A84C23C189B1A7000E4A91D /* SDWebImageOperation.h */,
				0A84C23D189B1A7000E4A91D /* SDWebImagePrefetcher.h */,
				0A84C23E189B1A7000E4A91D /* SDWebImagePrefetcher.m */,
				0A84C23F189B1A7000E4A91D /* UIButton+WebCache.h */,
				0A84C240189B1A7000E4A91D /* UIButton+WebCache.m */,
				0A84C241189B1A7000E4A91D /* UIImage+GIF.h */,
				0A84C242189B1A7000E4A91D /* UIImage+GIF.m */,
				0A84C243189B1A7000E4A91D /* UIImage+MultiFormat.h */,
				0A84C244189B1A7000E4A91D /* UIImage+MultiFormat.m */,
				0A84C245189B1A7000E4A91D /* UIImage+WebP.h */,
				0A84C246189B1A7000E4A91D /* UIImage+WebP.m */,
				0A84C247189B1A7000E4A91D /* UIImageView+WebCache.h */,
				0A84C248189B1A7000E4A91D /* UIImageView+WebCache.m */,
			);
			path = SDWebImage;
			sourceTree = "<group>";
		};
		0A9D7E0B184D744500BAE38D = {
			isa = PBXGroup;
			children = (
				0AC2DAD3189844B0005CB500 /* FAQ */,
				0AD6128318D11CD800FB4667 /* Help */,
				0A3E8E4418CE7CEA00E45DBA /* Tariff Drawer */,
				0AC9FAE118C2BAE50086B48F /* Day Price 2 */,
				0AB66DFE18A1710D00441562 /* Day Price */,
				0AE9DEB118985D0D008B615D /* Current Price */,
				0AC2DADB1898553B005CB500 /* Setup */,
				0AC2DACD189833FD005CB500 /* User Settings */,
				0AE9DEB8189867E3008B615D /* Assets */,
				0AC2DACC189833DA005CB500 /* Networking */,
				0A6D13841890817C00C8F977 /* Data Model */,
				0A84C22B189B1A7000E4A91D /* SDWebImage */,
				0A9D7E1D184D744500BAE38D /* Toupe */,
				0A9D7E3F184D744500BAE38D /* ToupeTests */,
				0A9D7E16184D744500BAE38D /* Frameworks */,
				0A9D7E15184D744500BAE38D /* Products */,
				0AD6126D18CF911500FB4667 /* TestFlightSDK3.0.0 */,
				0A6D138918909C4100C8F977 /* Project Recycle Bin */,
			);
			sourceTree = "<group>";
		};
		0A9D7E15184D744500BAE38D /* Products */ = {
			isa = PBXGroup;
			children = (
				0A9D7E14184D744500BAE38D /* Toupe.app */,
				0A9D7E38184D744500BAE38D /* ToupeTests.xctest */,
			);
			name = Products;
			sourceTree = "<group>";
		};
		0A9D7E16184D744500BAE38D /* Frameworks */ = {
			isa = PBXGroup;
			children = (
				0AD6127718CF917000FB4667 /* libz.dylib */,
				0A84C257189B1A8800E4A91D /* ImageIO.framework */,
				0AC2DACE18983F34005CB500 /* iAd.framework */,
				0A9D7E17184D744500BAE38D /* Foundation.framework */,
				0A9D7E19184D744500BAE38D /* CoreGraphics.framework */,
				0A9D7E1B184D744500BAE38D /* UIKit.framework */,
				0A9D7E39184D744500BAE38D /* XCTest.framework */,
			);
			name = Frameworks;
			sourceTree = "<group>";
		};
		0A9D7E1D184D744500BAE38D /* Toupe */ = {
			isa = PBXGroup;
			children = (
				0AC2DAD0189842A9005CB500 /* Colours.h */,
				0AC2DAD1189842A9005CB500 /* Colours.m */,
				0A9D7E26184D744500BAE38D /* FBAppDelegate.h */,
				0A9D7E27184D744500BAE38D /* FBAppDelegate.m */,
				0A9D7E32184D744500BAE38D /* Images.xcassets */,
				0A9D7E1E184D744500BAE38D /* Supporting Files */,
			);
			path = Toupe;
			sourceTree = "<group>";
		};
		0A9D7E1E184D744500BAE38D /* Supporting Files */ = {
			isa = PBXGroup;
			children = (
				0A9D7E1F184D744500BAE38D /* Toupe-Info.plist */,
				0A9D7E20184D744500BAE38D /* InfoPlist.strings */,
				0A9D7E23184D744500BAE38D /* main.m */,
				0A9D7E25184D744500BAE38D /* Toupe-Prefix.pch */,
			);
			name = "Supporting Files";
			sourceTree = "<group>";
		};
		0A9D7E3F184D744500BAE38D /* ToupeTests */ = {
			isa = PBXGroup;
			children = (
				0A9D7E45184D744500BAE38D /* ToupeTests.m */,
				0A9D7E40184D744500BAE38D /* Supporting Files */,
			);
			path = ToupeTests;
			sourceTree = "<group>";
		};
		0A9D7E40184D744500BAE38D /* Supporting Files */ = {
			isa = PBXGroup;
			children = (
				0A9D7E41184D744500BAE38D /* ToupeTests-Info.plist */,
				0A9D7E42184D744500BAE38D /* InfoPlist.strings */,
			);
			name = "Supporting Files";
			sourceTree = "<group>";
		};
		0AB66DFE18A1710D00441562 /* Day Price */ = {
			isa = PBXGroup;
			children = (
				0AB66DFF18A17FDA00441562 /* FBDayViewController.h */,
				0AB66E0018A17FDA00441562 /* FBDayViewController.m */,
				0AB66E0118A17FDA00441562 /* FBDayViewController.xib */,
				0AB66E0418A1800D00441562 /* FBDayPricePeriodViewController.h */,
				0AB66E0518A1800D00441562 /* FBDayPricePeriodViewController.m */,
				0AB66E0618A1800D00441562 /* FBDayPricePeriodViewController.xib */,
			);
			name = "Day Price";
			sourceTree = "<group>";
		};
		0AC2DACC189833DA005CB500 /* Networking */ = {
			isa = PBXGroup;
			children = (
				0A5FC51F1864DE2200F69BA5 /* FBConnection.h */,
				0A5FC5201864DE2200F69BA5 /* FBConnection.m */,
				0A5FC51C1864DC6000F69BA5 /* FBGenabilityStore.h */,
				0A5FC51D1864DC6000F69BA5 /* FBGenabilityStore.m */,
				0A5FC5151864D59400F69BA5 /* JSONSerializable.h */,
			);
			name = Networking;
			sourceTree = "<group>";
		};
		0AC2DACD189833FD005CB500 /* User Settings */ = {
			isa = PBXGroup;
			children = (
				0AC187FE1861012B00A0DD9F /* FBUserProfile.h */,
				0AC187FF1861012B00A0DD9F /* FBUserProfile.m */,
				0AC187FB1861009900A0DD9F /* FBUserProfileStore.h */,
				0AC187FC1861009900A0DD9F /* FBUserProfileStore.m */,
				0A018C6418C9273700A9787F /* FBSettingsViewController.h */,
				0A018C6518C9273700A9787F /* FBSettingsViewController.m */,
				0A018C6618C9273700A9787F /* FBSettingsViewController.xib */,
			);
			name = "User Settings";
			sourceTree = "<group>";
		};
		0AC2DAD3189844B0005CB500 /* FAQ */ = {
			isa = PBXGroup;
			children = (
				0AC2DAD4189844C6005CB500 /* FBFAQViewController.h */,
				0AC2DAD5189844C6005CB500 /* FBFAQViewController.m */,
				0AC2DAD6189844C6005CB500 /* FBFAQViewController.xib */,
				0AE297BA18D7ADCF00695883 /* FBFAQ.h */,
				0AE297BB18D7ADCF00695883 /* FBFAQ.m */,
				0AE297BD18D7AE3600695883 /* FBFAQStore.h */,
				0AE297BE18D7AE3600695883 /* FBFAQStore.m */,
				0AE297C018D7B1E900695883 /* FBFAQDetailViewController.h */,
				0AE297C118D7B1E900695883 /* FBFAQDetailViewController.m */,
				0AE297C218D7B1E900695883 /* FBFAQDetailViewController.xib */,
			);
			name = FAQ;
			sourceTree = "<group>";
		};
		0AC2DADB1898553B005CB500 /* Setup */ = {
			isa = PBXGroup;
			children = (
				0AE9DEC418987C75008B615D /* FBEnterZipCodeViewController.h */,
				0AE9DEC518987C75008B615D /* FBEnterZipCodeViewController.m */,
				0AE9DEC618987C75008B615D /* FBEnterZipCodeViewController.xib */,
				0AE9DEBF18987708008B615D /* FBChooseUtilityViewController.h */,
				0AE9DEC018987708008B615D /* FBChooseUtilityViewController.m */,
				0AE9DEC118987708008B615D /* FBChooseUtilityViewController.xib */,
				0A766C9A189ACFDC00869088 /* FBChooseTariffViewCell.h */,
				0A766C9B189ACFDC00869088 /* FBChooseTariffViewCell.m */,
				0A766C9D189AD00300869088 /* FBChooseTariffViewCell.xib */,
				0AC9FAE718C5021C0086B48F /* FBWelcomeViewController.h */,
				0AC9FAE818C5021C0086B48F /* FBWelcomeViewController.m */,
				0AC9FAE918C5021C0086B48F /* FBWelcomeViewController.xib */,
			);
			name = Setup;
			sourceTree = "<group>";
		};
		0AC9FAE118C2BAE50086B48F /* Day Price 2 */ = {
			isa = PBXGroup;
			children = (
				0AC9FAE218C2BB4F0086B48F /* FBPricePeriodViewController.h */,
				0AC9FAE318C2BB4F0086B48F /* FBPricePeriodViewController.m */,
				0AC9FAE418C2BB4F0086B48F /* FBPricePeriodViewController.xib */,
			);
			name = "Day Price 2";
			sourceTree = "<group>";
		};
		0AD6126D18CF911500FB4667 /* TestFlightSDK3.0.0 */ = {
			isa = PBXGroup;
			children = (
				0AD6126E18CF911500FB4667 /* libTestFlight.a */,
				0AD6126F18CF911500FB4667 /* README.md */,
				0AD6127018CF911500FB4667 /* release_notes.md */,
				0AD6127118CF911500FB4667 /* TestFlight+AsyncLogging.h */,
				0AD6127218CF911500FB4667 /* TestFlight+ManualSessions.h */,
				0AD6127318CF911500FB4667 /* TestFlight.h */,
			);
			path = TestFlightSDK3.0.0;
			sourceTree = "<group>";
		};
		0AD6128318D11CD800FB4667 /* Help */ = {
			isa = PBXGroup;
			children = (
				0AD6128418D11CFB00FB4667 /* FBHelpViewController.h */,
				0AD6128518D11CFB00FB4667 /* FBHelpViewController.m */,
				0AD6128618D11CFB00FB4667 /* FBHelpViewController.xib */,
				0A58AA0518D79F0C00EA3717 /* FBHelp5ViewController.h */,
				0A58AA0618D79F0C00EA3717 /* FBHelp5ViewController.m */,
				0A58AA0718D79F0C00EA3717 /* FBHelp5ViewController.xib */,
				0AF4FDE718D76DEA005432CF /* FBHelp10ViewController.h */,
				0AF4FDE818D76DEA005432CF /* FBHelp10ViewController.m */,
				0AF4FDE918D76DEA005432CF /* FBHelp10ViewController.xib */,
				0AF4FDEC18D76E03005432CF /* FBHelp20ViewController.h */,
				0AF4FDED18D76E03005432CF /* FBHelp20ViewController.m */,
				0AF4FDEE18D76E03005432CF /* FBHelp20ViewController.xib */,
				0A58AA0018D79A9600EA3717 /* FBHelp30ViewController.h */,
				0A58AA0118D79A9600EA3717 /* FBHelp30ViewController.m */,
				0A58AA0218D79A9600EA3717 /* FBHelp30ViewController.xib */,
			);
			name = Help;
			sourceTree = "<group>";
		};
		0AE9DEB118985D0D008B615D /* Current Price */ = {
			isa = PBXGroup;
			children = (
				0A84C265189C49B900E4A91D /* FBHomeViewController.h */,
				0A84C266189C49B900E4A91D /* FBHomeViewController.m */,
				0A84C267189C49B900E4A91D /* FBHomeViewController.xib */,
				0AB66DF0189EE89E00441562 /* FBTariffPriceViewController.h */,
				0AB66DF1189EE89E00441562 /* FBTariffPriceViewController.m */,
				0AB66DF2189EE89E00441562 /* FBTariffPriceViewController.xib */,
			);
			name = "Current Price";
			sourceTree = "<group>";
		};
		0AE9DEB8189867E3008B615D /* Assets */ = {
			isa = PBXGroup;
			children = (
				0AD6128D18D36C7800FB4667 /* yellowbar.png */,
				0AD6128B18D25CF100FB4667 /* graystar.png */,
				0AD6128918D1281400FB4667 /* helpscreenshot.png */,
				0A3E8E3818CE75E300E45DBA /* drawer.png */,
				0A3E8E3218CE4A4000E45DBA /* whitestar.png */,
				0A3E8E3318CE4A4000E45DBA /* goldstar.png */,
				0A018C6018C655D500A9787F /* greenarrow.png */,
				0A018C6118C655D500A9787F /* redarrow.png */,
				0AC9FAEC18C503B50086B48F /* toupe.png */,
				0AB66DFA18A01D1C00441562 /* blueorange640x960@2x.png */,
				0AB66DFB18A01D1C00441562 /* blueorange640x1136@2x.png */,
				0A84C263189B35EB00E4A91D /* ciudad640x1136@2x.png */,
				0A84C261189B324D00E4A91D /* ciudad640x960@2x.png */,
				0A766C9F189AD1AB00869088 /* pge.jpg */,
				0AE9DED018988587008B615D /* refresh.png */,
				0AE9DEBD18986B65008B615D /* calculator.png */,
				0AE9DEBB18986AA5008B615D /* tool.png */,
				0AE9DEB91898682B008B615D /* setup2.png */,
				0AE9DEB61898667C008B615D /* genability.png */,
				0AE9DEB418986019008B615D /* setup.png */,
				0AE9DEB218985F7B008B615D /* faq.png */,
			);
			name = Assets;
			sourceTree = "<group>";
		};
/* End PBXGroup section */

/* Begin PBXNativeTarget section */
		0A9D7E13184D744500BAE38D /* Toupe */ = {
			isa = PBXNativeTarget;
			buildConfigurationList = 0A9D7E49184D744500BAE38D /* Build configuration list for PBXNativeTarget "Toupe" */;
			buildPhases = (
				0A9D7E10184D744500BAE38D /* Sources */,
				0A9D7E11184D744500BAE38D /* Frameworks */,
				0A9D7E12184D744500BAE38D /* Resources */,
			);
			buildRules = (
			);
			dependencies = (
			);
			name = Toupe;
			productName = Toupe;
			productReference = 0A9D7E14184D744500BAE38D /* Toupe.app */;
			productType = "com.apple.product-type.application";
		};
		0A9D7E37184D744500BAE38D /* ToupeTests */ = {
			isa = PBXNativeTarget;
			buildConfigurationList = 0A9D7E4C184D744500BAE38D /* Build configuration list for PBXNativeTarget "ToupeTests" */;
			buildPhases = (
				0A9D7E34184D744500BAE38D /* Sources */,
				0A9D7E35184D744500BAE38D /* Frameworks */,
				0A9D7E36184D744500BAE38D /* Resources */,
			);
			buildRules = (
			);
			dependencies = (
				0A9D7E3E184D744500BAE38D /* PBXTargetDependency */,
			);
			name = ToupeTests;
			productName = ToupeTests;
			productReference = 0A9D7E38184D744500BAE38D /* ToupeTests.xctest */;
			productType = "com.apple.product-type.bundle.unit-test";
		};
/* End PBXNativeTarget section */

/* Begin PBXProject section */
		0A9D7E0C184D744500BAE38D /* Project object */ = {
			isa = PBXProject;
			attributes = {
				CLASSPREFIX = FB;
				LastUpgradeCheck = 0510;
				ORGANIZATIONNAME = "Fresh Basil";
				TargetAttributes = {
					0A9D7E13184D744500BAE38D = {
						DevelopmentTeam = 8AL33R6B84;
					};
					0A9D7E37184D744500BAE38D = {
						TestTargetID = 0A9D7E13184D744500BAE38D;
					};
				};
			};
			buildConfigurationList = 0A9D7E0F184D744500BAE38D /* Build configuration list for PBXProject "Toupe" */;
			compatibilityVersion = "Xcode 3.2";
			developmentRegion = English;
			hasScannedForEncodings = 0;
			knownRegions = (
				en,
				Base,
			);
			mainGroup = 0A9D7E0B184D744500BAE38D;
			productRefGroup = 0A9D7E15184D744500BAE38D /* Products */;
			projectDirPath = "";
			projectRoot = "";
			targets = (
				0A9D7E13184D744500BAE38D /* Toupe */,
				0A9D7E37184D744500BAE38D /* ToupeTests */,
			);
		};
/* End PBXProject section */

/* Begin PBXResourcesBuildPhase section */
		0A9D7E12184D744500BAE38D /* Resources */ = {
			isa = PBXResourcesBuildPhase;
			buildActionMask = 2147483647;
			files = (
				0A3E8E4918CE7D5D00E45DBA /* FBTariffDrawerTableViewCell.xib in Resources */,
				0A84C262189B324D00E4A91D /* ciudad640x960@2x.png in Resources */,
				0A6D1387189095C200C8F977 /* FBCurrentPriceViewController.xib in Resources */,
				0A58AA0418D79A9600EA3717 /* FBHelp30ViewController.xib in Resources */,
				0AE9DEB518986019008B615D /* setup.png in Resources */,
				0A3E8E3418CE4A4000E45DBA /* whitestar.png in Resources */,
				0A84C269189C49B900E4A91D /* FBHomeViewController.xib in Resources */,
				0AC2DAD8189844C6005CB500 /* FBFAQViewController.xib in Resources */,
				0A3E8E3518CE4A4000E45DBA /* goldstar.png in Resources */,
				0AD6128C18D25CF100FB4667 /* graystar.png in Resources */,
				0A018C6318C655D500A9787F /* redarrow.png in Resources */,
				0AE9DEB71898667C008B615D /* genability.png in Resources */,
				0A3E8E4318CE770C00E45DBA /* FBTariffDrawerViewController.xib in Resources */,
				0AD6128818D11CFB00FB4667 /* FBHelpViewController.xib in Resources */,
				0AE9DEB318985F7B008B615D /* faq.png in Resources */,
				0AE9DEBE18986B65008B615D /* calculator.png in Resources */,
				0AE9DEBC18986AA5008B615D /* tool.png in Resources */,
				0A9D7E2E184D744500BAE38D /* Main_iPad.storyboard in Resources */,
				0AE9DEC318987708008B615D /* FBChooseUtilityViewController.xib in Resources */,
				0AB66E0818A1800D00441562 /* FBDayPricePeriodViewController.xib in Resources */,
				0AE9DEC818987C75008B615D /* FBEnterZipCodeViewController.xib in Resources */,
				0AE9DECD18987F2A008B615D /* FBChooseTariffViewController.xib in Resources */,
				0AD6128E18D36C7800FB4667 /* yellowbar.png in Resources */,
				0AF4FDEB18D76DEA005432CF /* FBHelp10ViewController.xib in Resources */,
				0A766C9E189AD00300869088 /* FBChooseTariffViewCell.xib in Resources */,
				0A3E8E3918CE75E300E45DBA /* drawer.png in Resources */,
				0AE9DED118988587008B615D /* refresh.png in Resources */,
				0AB66E0318A17FDA00441562 /* FBDayViewController.xib in Resources */,
				0AD6128A18D1281400FB4667 /* helpscreenshot.png in Resources */,
				0AC9FAE618C2BB4F0086B48F /* FBPricePeriodViewController.xib in Resources */,
				0AD6127618CF911500FB4667 /* release_notes.md in Resources */,
				0A84C264189B35EB00E4A91D /* ciudad640x1136@2x.png in Resources */,
				0AC9FAEB18C5021C0086B48F /* FBWelcomeViewController.xib in Resources */,
				0A9D7E33184D744500BAE38D /* Images.xcassets in Resources */,
				0A766CA0189AD1AB00869088 /* pge.jpg in Resources */,
				0A9D7E2B184D744500BAE38D /* Main_iPhone.storyboard in Resources */,
				0A9D7E22184D744500BAE38D /* InfoPlist.strings in Resources */,
				0AD6127518CF911500FB4667 /* README.md in Resources */,
				0AF4FDF018D76E03005432CF /* FBHelp20ViewController.xib in Resources */,
				0AB66DF4189EE89E00441562 /* FBTariffPriceViewController.xib in Resources */,
				0A018C6218C655D500A9787F /* greenarrow.png in Resources */,
				0AB66DFD18A01D1C00441562 /* blueorange640x1136@2x.png in Resources */,
				0A018C6818C9273700A9787F /* FBSettingsViewController.xib in Resources */,
				0AB66DFC18A01D1C00441562 /* blueorange640x960@2x.png in Resources */,
				0AE9DEBA1898682B008B615D /* setup2.png in Resources */,
				0AC2DADD189859E9005CB500 /* FBSetupViewController.xib in Resources */,
				0AC9FAED18C503B50086B48F /* toupe.png in Resources */,
				0A58AA0918D79F0C00EA3717 /* FBHelp5ViewController.xib in Resources */,
				0AE297C418D7B1E900695883 /* FBFAQDetailViewController.xib in Resources */,
			);
			runOnlyForDeploymentPostprocessing = 0;
		};
		0A9D7E36184D744500BAE38D /* Resources */ = {
			isa = PBXResourcesBuildPhase;
			buildActionMask = 2147483647;
			files = (
				0A9D7E44184D744500BAE38D /* InfoPlist.strings in Resources */,
			);
			runOnlyForDeploymentPostprocessing = 0;
		};
/* End PBXResourcesBuildPhase section */

/* Begin PBXSourcesBuildPhase section */
		0A9D7E10184D744500BAE38D /* Sources */ = {
			isa = PBXSourcesBuildPhase;
			buildActionMask = 2147483647;
			files = (
				0AC188001861012B00A0DD9F /* FBUserProfile.m in Sources */,
				0A84C250189B1A7000E4A91D /* SDWebImageManager.m in Sources */,
				0A84C24C189B1A7000E4A91D /* SDWebImageCompat.m in Sources */,
				0A018C6718C9273700A9787F /* FBSettingsViewController.m in Sources */,
				0A84C268189C49B900E4A91D /* FBHomeViewController.m in Sources */,
				0A84C251189B1A7000E4A91D /* SDWebImagePrefetcher.m in Sources */,
				0A84C256189B1A7000E4A91D /* UIImageView+WebCache.m in Sources */,
				0A9D7E28184D744500BAE38D /* FBAppDelegate.m in Sources */,
				0A84C24B189B1A7000E4A91D /* SDImageCache.m in Sources */,
				0A766C9918999BC400869088 /* FBTariffSearchResult.m in Sources */,
				0A84C252189B1A7000E4A91D /* UIButton+WebCache.m in Sources */,
				0A766C9C189ACFDC00869088 /* FBChooseTariffViewCell.m in Sources */,
				0A5FC5211864DE2200F69BA5 /* FBConnection.m in Sources */,
				0A84C255189B1A7000E4A91D /* UIImage+WebP.m in Sources */,
				0AC2DAD2189842A9005CB500 /* Colours.m in Sources */,
				0A9D7E24184D744500BAE38D /* main.m in Sources */,
				0A5FC51E1864DC6000F69BA5 /* FBGenabilityStore.m in Sources */,
				0A84C253189B1A7000E4A91D /* UIImage+GIF.m in Sources */,
				0AE9DEC218987708008B615D /* FBChooseUtilityViewController.m in Sources */,
				0AB66DF3189EE89E00441562 /* FBTariffPriceViewController.m in Sources */,
				0A58AA0818D79F0C00EA3717 /* FBHelp5ViewController.m in Sources */,
				0AC2DACB189832F9005CB500 /* FBRootNavigationController.m in Sources */,
				0A84C254189B1A7000E4A91D /* UIImage+MultiFormat.m in Sources */,
				0A58AA0318D79A9600EA3717 /* FBHelp30ViewController.m in Sources */,
				0A84C24D189B1A7000E4A91D /* SDWebImageDecoder.m in Sources */,
				0A84C24A189B1A7000E4A91D /* NSData+ImageContentType.m in Sources */,
				0AF4FDEA18D76DEA005432CF /* FBHelp10ViewController.m in Sources */,
				0AB66E0718A1800D00441562 /* FBDayPricePeriodViewController.m in Sources */,
				0AD6128718D11CFB00FB4667 /* FBHelpViewController.m in Sources */,
				0A5FC5241865174A00F69BA5 /* FBTariff.m in Sources */,
				0A84C24F189B1A7000E4A91D /* SDWebImageDownloaderOperation.m in Sources */,
				0AE297BF18D7AE3600695883 /* FBFAQStore.m in Sources */,
				0A84C249189B1A7000E4A91D /* MKAnnotationView+WebCache.m in Sources */,
				0AC187FD1861009900A0DD9F /* FBUserProfileStore.m in Sources */,
				0AF4FDEF18D76E03005432CF /* FBHelp20ViewController.m in Sources */,
				0A5FC51B1864D8B300F69BA5 /* FBPricePeriod.m in Sources */,
				0AE297C318D7B1E900695883 /* FBFAQDetailViewController.m in Sources */,
				0AC9FAE518C2BB4F0086B48F /* FBPricePeriodViewController.m in Sources */,
				0AE9DEC718987C75008B615D /* FBEnterZipCodeViewController.m in Sources */,
				0A3E8E4718CE7D1900E45DBA /* FBTariffDrawerTableViewCell.m in Sources */,
				0AC9FAEA18C5021C0086B48F /* FBWelcomeViewController.m in Sources */,
				0AB66E0218A17FDA00441562 /* FBDayViewController.m in Sources */,
				0A9D7E51184E574C00BAE38D /* FBSetupViewController.m in Sources */,
				0A84C24E189B1A7000E4A91D /* SDWebImageDownloader.m in Sources */,
				0A9D7E31184D744500BAE38D /* FBViewController.m in Sources */,
				0A5FC5181864D5D300F69BA5 /* FBSmartPriceSummary.m in Sources */,
				0AB66DF7189EF5A900441562 /* FBLSE.m in Sources */,
				0A3E8E4218CE770C00E45DBA /* FBTariffDrawerViewController.m in Sources */,
				0AE9DECC18987F2A008B615D /* FBChooseTariffViewController.m in Sources */,
				0AC2DAD7189844C6005CB500 /* FBFAQViewController.m in Sources */,
				0AE297BC18D7ADCF00695883 /* FBFAQ.m in Sources */,
				0A9D7E54184E63AC00BAE38D /* FBCurrentPriceViewController.m in Sources */,
			);
			runOnlyForDeploymentPostprocessing = 0;
		};
		0A9D7E34184D744500BAE38D /* Sources */ = {
			isa = PBXSourcesBuildPhase;
			buildActionMask = 2147483647;
			files = (
				0A9D7E46184D744500BAE38D /* ToupeTests.m in Sources */,
			);
			runOnlyForDeploymentPostprocessing = 0;
		};
/* End PBXSourcesBuildPhase section */

/* Begin PBXTargetDependency section */
		0A9D7E3E184D744500BAE38D /* PBXTargetDependency */ = {
			isa = PBXTargetDependency;
			target = 0A9D7E13184D744500BAE38D /* Toupe */;
			targetProxy = 0A9D7E3D184D744500BAE38D /* PBXContainerItemProxy */;
		};
/* End PBXTargetDependency section */

/* Begin PBXVariantGroup section */
		0A9D7E20184D744500BAE38D /* InfoPlist.strings */ = {
			isa = PBXVariantGroup;
			children = (
				0A9D7E21184D744500BAE38D /* en */,
			);
			name = InfoPlist.strings;
			sourceTree = "<group>";
		};
		0A9D7E29184D744500BAE38D /* Main_iPhone.storyboard */ = {
			isa = PBXVariantGroup;
			children = (
				0A9D7E2A184D744500BAE38D /* Base */,
			);
			name = Main_iPhone.storyboard;
			path = Toupe;
			sourceTree = "<group>";
		};
		0A9D7E2C184D744500BAE38D /* Main_iPad.storyboard */ = {
			isa = PBXVariantGroup;
			children = (
				0A9D7E2D184D744500BAE38D /* Base */,
			);
			name = Main_iPad.storyboard;
			path = Toupe;
			sourceTree = "<group>";
		};
		0A9D7E42184D744500BAE38D /* InfoPlist.strings */ = {
			isa = PBXVariantGroup;
			children = (
				0A9D7E43184D744500BAE38D /* en */,
			);
			name = InfoPlist.strings;
			sourceTree = "<group>";
		};
/* End PBXVariantGroup section */

/* Begin XCBuildConfiguration section */
		0A9D7E47184D744500BAE38D /* Debug */ = {
			isa = XCBuildConfiguration;
			buildSettings = {
				ALWAYS_SEARCH_USER_PATHS = NO;
				CLANG_CXX_LANGUAGE_STANDARD = "gnu++0x";
				CLANG_CXX_LIBRARY = "libc++";
				CLANG_ENABLE_MODULES = YES;
				CLANG_ENABLE_OBJC_ARC = YES;
				CLANG_WARN_BOOL_CONVERSION = YES;
				CLANG_WARN_CONSTANT_CONVERSION = YES;
				CLANG_WARN_DIRECT_OBJC_ISA_USAGE = YES_ERROR;
				CLANG_WARN_EMPTY_BODY = YES;
				CLANG_WARN_ENUM_CONVERSION = YES;
				CLANG_WARN_INT_CONVERSION = YES;
				CLANG_WARN_OBJC_ROOT_CLASS = YES_ERROR;
				CLANG_WARN__DUPLICATE_METHOD_MATCH = YES;
				"CODE_SIGN_IDENTITY[sdk=iphoneos*]" = "iPhone Developer";
				COPY_PHASE_STRIP = NO;
				GCC_C_LANGUAGE_STANDARD = gnu99;
				GCC_DYNAMIC_NO_PIC = NO;
				GCC_OPTIMIZATION_LEVEL = 0;
				GCC_PREPROCESSOR_DEFINITIONS = (
					"DEBUG=1",
					"$(inherited)",
				);
				GCC_SYMBOLS_PRIVATE_EXTERN = NO;
				GCC_WARN_64_TO_32_BIT_CONVERSION = YES;
				GCC_WARN_ABOUT_RETURN_TYPE = YES_ERROR;
				GCC_WARN_UNDECLARED_SELECTOR = YES;
				GCC_WARN_UNINITIALIZED_AUTOS = YES;
				GCC_WARN_UNUSED_FUNCTION = YES;
				GCC_WARN_UNUSED_VARIABLE = YES;
				IPHONEOS_DEPLOYMENT_TARGET = 7.0;
				ONLY_ACTIVE_ARCH = YES;
				OTHER_LDFLAGS = "-Objc";
				SDKROOT = iphoneos;
				TARGETED_DEVICE_FAMILY = "1,2";
			};
			name = Debug;
		};
		0A9D7E48184D744500BAE38D /* Release */ = {
			isa = XCBuildConfiguration;
			buildSettings = {
				ALWAYS_SEARCH_USER_PATHS = NO;
				CLANG_CXX_LANGUAGE_STANDARD = "gnu++0x";
				CLANG_CXX_LIBRARY = "libc++";
				CLANG_ENABLE_MODULES = YES;
				CLANG_ENABLE_OBJC_ARC = YES;
				CLANG_WARN_BOOL_CONVERSION = YES;
				CLANG_WARN_CONSTANT_CONVERSION = YES;
				CLANG_WARN_DIRECT_OBJC_ISA_USAGE = YES_ERROR;
				CLANG_WARN_EMPTY_BODY = YES;
				CLANG_WARN_ENUM_CONVERSION = YES;
				CLANG_WARN_INT_CONVERSION = YES;
				CLANG_WARN_OBJC_ROOT_CLASS = YES_ERROR;
				CLANG_WARN__DUPLICATE_METHOD_MATCH = YES;
				"CODE_SIGN_IDENTITY[sdk=iphoneos*]" = "iPhone Developer";
				COPY_PHASE_STRIP = YES;
				ENABLE_NS_ASSERTIONS = NO;
				GCC_C_LANGUAGE_STANDARD = gnu99;
				GCC_WARN_64_TO_32_BIT_CONVERSION = YES;
				GCC_WARN_ABOUT_RETURN_TYPE = YES_ERROR;
				GCC_WARN_UNDECLARED_SELECTOR = YES;
				GCC_WARN_UNINITIALIZED_AUTOS = YES;
				GCC_WARN_UNUSED_FUNCTION = YES;
				GCC_WARN_UNUSED_VARIABLE = YES;
				IPHONEOS_DEPLOYMENT_TARGET = 7.0;
				ONLY_ACTIVE_ARCH = YES;
				OTHER_LDFLAGS = "-Objc";
				PROVISIONING_PROFILE = "CDAFEE50-2CB3-4D6A-9CEE-AEF09C5007DF";
				SDKROOT = iphoneos;
				TARGETED_DEVICE_FAMILY = "1,2";
				VALIDATE_PRODUCT = YES;
			};
			name = Release;
		};
		0A9D7E4A184D744500BAE38D /* Debug */ = {
			isa = XCBuildConfiguration;
			buildSettings = {
				ASSETCATALOG_COMPILER_APPICON_NAME = AppIcon;
				ASSETCATALOG_COMPILER_LAUNCHIMAGE_NAME = LaunchImage;
				CODE_SIGN_IDENTITY = "iPhone Developer";
				GCC_PRECOMPILE_PREFIX_HEADER = YES;
				GCC_PREFIX_HEADER = "Toupe/Toupe-Prefix.pch";
				INFOPLIST_FILE = "Toupe/Toupe-Info.plist";
				LIBRARY_SEARCH_PATHS = (
					"$(inherited)",
					"$(PROJECT_DIR)/TestFlightSDK3.0.0",
				);
				OTHER_LDFLAGS = "-Objc";
				PRODUCT_NAME = "$(TARGET_NAME)";
				SDKROOT = iphoneos;
				WRAPPER_EXTENSION = app;
			};
			name = Debug;
		};
		0A9D7E4B184D744500BAE38D /* Release */ = {
			isa = XCBuildConfiguration;
			buildSettings = {
				ASSETCATALOG_COMPILER_APPICON_NAME = AppIcon;
				ASSETCATALOG_COMPILER_LAUNCHIMAGE_NAME = LaunchImage;
				CODE_SIGN_IDENTITY = "iPhone Developer";
				GCC_PRECOMPILE_PREFIX_HEADER = YES;
				GCC_PREFIX_HEADER = "Toupe/Toupe-Prefix.pch";
				INFOPLIST_FILE = "Toupe/Toupe-Info.plist";
				LIBRARY_SEARCH_PATHS = (
					"$(inherited)",
					"$(PROJECT_DIR)/TestFlightSDK3.0.0",
				);
				OTHER_LDFLAGS = "-Objc";
				PRODUCT_NAME = "$(TARGET_NAME)";
				SDKROOT = iphoneos;
				WRAPPER_EXTENSION = app;
			};
			name = Release;
		};
		0A9D7E4D184D744500BAE38D /* Debug */ = {
			isa = XCBuildConfiguration;
			buildSettings = {
				BUNDLE_LOADER = "$(BUILT_PRODUCTS_DIR)/Toupe.app/Toupe";
				FRAMEWORK_SEARCH_PATHS = (
					"$(SDKROOT)/Developer/Library/Frameworks",
					"$(inherited)",
					"$(DEVELOPER_FRAMEWORKS_DIR)",
				);
				GCC_PRECOMPILE_PREFIX_HEADER = YES;
				GCC_PREFIX_HEADER = "Toupe/Toupe-Prefix.pch";
				GCC_PREPROCESSOR_DEFINITIONS = (
					"DEBUG=1",
					"$(inherited)",
				);
				INFOPLIST_FILE = "ToupeTests/ToupeTests-Info.plist";
				PRODUCT_NAME = "$(TARGET_NAME)";
				TEST_HOST = "$(BUNDLE_LOADER)";
				WRAPPER_EXTENSION = xctest;
			};
			name = Debug;
		};
		0A9D7E4E184D744500BAE38D /* Release */ = {
			isa = XCBuildConfiguration;
			buildSettings = {
				BUNDLE_LOADER = "$(BUILT_PRODUCTS_DIR)/Toupe.app/Toupe";
				FRAMEWORK_SEARCH_PATHS = (
					"$(SDKROOT)/Developer/Library/Frameworks",
					"$(inherited)",
					"$(DEVELOPER_FRAMEWORKS_DIR)",
				);
				GCC_PRECOMPILE_PREFIX_HEADER = YES;
				GCC_PREFIX_HEADER = "Toupe/Toupe-Prefix.pch";
				INFOPLIST_FILE = "ToupeTests/ToupeTests-Info.plist";
				PRODUCT_NAME = "$(TARGET_NAME)";
				TEST_HOST = "$(BUNDLE_LOADER)";
				WRAPPER_EXTENSION = xctest;
			};
			name = Release;
		};
/* End XCBuildConfiguration section */

/* Begin XCConfigurationList section */
		0A9D7E0F184D744500BAE38D /* Build configuration list for PBXProject "Toupe" */ = {
			isa = XCConfigurationList;
			buildConfigurations = (
				0A9D7E47184D744500BAE38D /* Debug */,
				0A9D7E48184D744500BAE38D /* Release */,
			);
			defaultConfigurationIsVisible = 0;
			defaultConfigurationName = Release;
		};
		0A9D7E49184D744500BAE38D /* Build configuration list for PBXNativeTarget "Toupe" */ = {
			isa = XCConfigurationList;
			buildConfigurations = (
				0A9D7E4A184D744500BAE38D /* Debug */,
				0A9D7E4B184D744500BAE38D /* Release */,
			);
			defaultConfigurationIsVisible = 0;
			defaultConfigurationName = Release;
		};
		0A9D7E4C184D744500BAE38D /* Build configuration list for PBXNativeTarget "ToupeTests" */ = {
			isa = XCConfigurationList;
			buildConfigurations = (
				0A9D7E4D184D744500BAE38D /* Debug */,
				0A9D7E4E184D744500BAE38D /* Release */,
			);
			defaultConfigurationIsVisible = 0;
			defaultConfigurationName = Release;
		};
/* End XCConfigurationList section */
	};
	rootObject = 0A9D7E0C184D744500BAE38D /* Project object */;
}
